// !$*UTF8*$!
{
	archiveVersion = 1;
	classes = {
	};
	objectVersion = 45;
	objects = {

/* Begin PBXBuildFile section */
		1D3623260D0F684500981E51 /* AtlantaBarCampJsonAppDelegate.m in Sources */ = {isa = PBXBuildFile; fileRef = 1D3623250D0F684500981E51 /* AtlantaBarCampJsonAppDelegate.m */; };
		1D60589B0D05DD56006BFB54 /* main.m in Sources */ = {isa = PBXBuildFile; fileRef = 29B97316FDCFA39411CA2CEA /* main.m */; };
		1D60589F0D05DD5A006BFB54 /* Foundation.framework in Frameworks */ = {isa = PBXBuildFile; fileRef = 1D30AB110D05D00D00671497 /* Foundation.framework */; };
		1DF5F4E00D08C38300B7A737 /* UIKit.framework in Frameworks */ = {isa = PBXBuildFile; fileRef = 1DF5F4DF0D08C38300B7A737 /* UIKit.framework */; };
		288765FD0DF74451002DB57D /* CoreGraphics.framework in Frameworks */ = {isa = PBXBuildFile; fileRef = 288765FC0DF74451002DB57D /* CoreGraphics.framework */; };
		28AD733F0D9D9553002E5188 /* MainWindow.xib in Resources */ = {isa = PBXBuildFile; fileRef = 28AD733E0D9D9553002E5188 /* MainWindow.xib */; };
		FB6BF24A10120BA80022ED7C /* SBJSON.m in Sources */ = {isa = PBXBuildFile; fileRef = FB6BF24310120BA80022ED7C /* SBJSON.m */; };
		FB6BF24B10120BA80022ED7C /* NSString+SBJSON.m in Sources */ = {isa = PBXBuildFile; fileRef = FB6BF24510120BA80022ED7C /* NSString+SBJSON.m */; };
		FB6BF24C10120BA80022ED7C /* NSObject+SBJSON.m in Sources */ = {isa = PBXBuildFile; fileRef = FB6BF24710120BA80022ED7C /* NSObject+SBJSON.m */; };
		FB6BF26C10120C4A0022ED7C /* GTMSenTestCase.m in Sources */ = {isa = PBXBuildFile; fileRef = FB6BF26710120C4A0022ED7C /* GTMSenTestCase.m */; };
		FB6BF26D10120C4A0022ED7C /* GTMIPhoneUnitTestMain.m in Sources */ = {isa = PBXBuildFile; fileRef = FB6BF26910120C4A0022ED7C /* GTMIPhoneUnitTestMain.m */; };
		FB6BF26E10120C4A0022ED7C /* GTMIPhoneUnitTestDelegate.m in Sources */ = {isa = PBXBuildFile; fileRef = FB6BF26A10120C4A0022ED7C /* GTMIPhoneUnitTestDelegate.m */; };
		FB6BF27810120CE90022ED7C /* RemoteMessageTests.m in Sources */ = {isa = PBXBuildFile; fileRef = FB6BF27710120CE90022ED7C /* RemoteMessageTests.m */; };
		FB6BF28610120DB20022ED7C /* RemoteMessage.m in Sources */ = {isa = PBXBuildFile; fileRef = FB6BF28510120DB20022ED7C /* RemoteMessage.m */; };
		FB6BF296101210CB0022ED7C /* SBJSON.m in Sources */ = {isa = PBXBuildFile; fileRef = FB6BF24310120BA80022ED7C /* SBJSON.m */; };
		FB6BF298101210CB0022ED7C /* NSString+SBJSON.m in Sources */ = {isa = PBXBuildFile; fileRef = FB6BF24510120BA80022ED7C /* NSString+SBJSON.m */; };
		FB6BF29A101210CB0022ED7C /* NSObject+SBJSON.m in Sources */ = {isa = PBXBuildFile; fileRef = FB6BF24710120BA80022ED7C /* NSObject+SBJSON.m */; };
		FB6BF2E4101212860022ED7C /* MessagePerson.m in Sources */ = {isa = PBXBuildFile; fileRef = FB6BF2E3101212860022ED7C /* MessagePerson.m */; };
/* End PBXBuildFile section */

/* Begin PBXFileReference section */
		1D30AB110D05D00D00671497 /* Foundation.framework */ = {isa = PBXFileReference; lastKnownFileType = wrapper.framework; name = Foundation.framework; path = System/Library/Frameworks/Foundation.framework; sourceTree = SDKROOT; };
		1D3623240D0F684500981E51 /* AtlantaBarCampJsonAppDelegate.h */ = {isa = PBXFileReference; fileEncoding = 4; lastKnownFileType = sourcecode.c.h; path = AtlantaBarCampJsonAppDelegate.h; sourceTree = "<group>"; };
		1D3623250D0F684500981E51 /* AtlantaBarCampJsonAppDelegate.m */ = {isa = PBXFileReference; fileEncoding = 4; lastKnownFileType = sourcecode.c.objc; path = AtlantaBarCampJsonAppDelegate.m; sourceTree = "<group>"; };
		1D6058910D05DD3D006BFB54 /* AtlantaBarCampJson.app */ = {isa = PBXFileReference; explicitFileType = wrapper.application; includeInIndex = 0; path = AtlantaBarCampJson.app; sourceTree = BUILT_PRODUCTS_DIR; };
		1DF5F4DF0D08C38300B7A737 /* UIKit.framework */ = {isa = PBXFileReference; lastKnownFileType = wrapper.framework; name = UIKit.framework; path = System/Library/Frameworks/UIKit.framework; sourceTree = SDKROOT; };
		288765FC0DF74451002DB57D /* CoreGraphics.framework */ = {isa = PBXFileReference; lastKnownFileType = wrapper.framework; name = CoreGraphics.framework; path = System/Library/Frameworks/CoreGraphics.framework; sourceTree = SDKROOT; };
		28AD733E0D9D9553002E5188 /* MainWindow.xib */ = {isa = PBXFileReference; lastKnownFileType = file.xib; path = MainWindow.xib; sourceTree = "<group>"; };
		29B97316FDCFA39411CA2CEA /* main.m */ = {isa = PBXFileReference; fileEncoding = 4; lastKnownFileType = sourcecode.c.objc; path = main.m; sourceTree = "<group>"; };
		32CA4F630368D1EE00C91783 /* AtlantaBarCampJson_Prefix.pch */ = {isa = PBXFileReference; fileEncoding = 4; lastKnownFileType = sourcecode.c.h; path = AtlantaBarCampJson_Prefix.pch; sourceTree = "<group>"; };
		8D1107310486CEB800E47090 /* Info.plist */ = {isa = PBXFileReference; fileEncoding = 4; lastKnownFileType = text.plist.xml; path = Info.plist; sourceTree = "<group>"; };
		FB6BF24310120BA80022ED7C /* SBJSON.m */ = {isa = PBXFileReference; fileEncoding = 4; lastKnownFileType = sourcecode.c.objc; path = SBJSON.m; sourceTree = "<group>"; };
		FB6BF24410120BA80022ED7C /* SBJSON.h */ = {isa = PBXFileReference; fileEncoding = 4; lastKnownFileType = sourcecode.c.h; path = SBJSON.h; sourceTree = "<group>"; };
		FB6BF24510120BA80022ED7C /* NSString+SBJSON.m */ = {isa = PBXFileReference; fileEncoding = 4; lastKnownFileType = sourcecode.c.objc; path = "NSString+SBJSON.m"; sourceTree = "<group>"; };
		FB6BF24610120BA80022ED7C /* NSString+SBJSON.h */ = {isa = PBXFileReference; fileEncoding = 4; lastKnownFileType = sourcecode.c.h; path = "NSString+SBJSON.h"; sourceTree = "<group>"; };
		FB6BF24710120BA80022ED7C /* NSObject+SBJSON.m */ = {isa = PBXFileReference; fileEncoding = 4; lastKnownFileType = sourcecode.c.objc; path = "NSObject+SBJSON.m"; sourceTree = "<group>"; };
		FB6BF24810120BA80022ED7C /* NSObject+SBJSON.h */ = {isa = PBXFileReference; fileEncoding = 4; lastKnownFileType = sourcecode.c.h; path = "NSObject+SBJSON.h"; sourceTree = "<group>"; };
		FB6BF24910120BA80022ED7C /* JSON.h */ = {isa = PBXFileReference; fileEncoding = 4; lastKnownFileType = sourcecode.c.h; path = JSON.h; sourceTree = "<group>"; };
		FB6BF25210120BBC0022ED7C /* Unit Test.app */ = {isa = PBXFileReference; explicitFileType = wrapper.application; includeInIndex = 0; path = "Unit Test.app"; sourceTree = BUILT_PRODUCTS_DIR; };
		FB6BF25410120BBC0022ED7C /* Unit Test-Info.plist */ = {isa = PBXFileReference; lastKnownFileType = text.plist.xml; path = "Unit Test-Info.plist"; sourceTree = "<group>"; };
		FB6BF26610120C260022ED7C /* GTMDefines.h */ = {isa = PBXFileReference; fileEncoding = 4; lastKnownFileType = sourcecode.c.h; path = GTMDefines.h; sourceTree = "<group>"; };
		FB6BF26710120C4A0022ED7C /* GTMSenTestCase.m */ = {isa = PBXFileReference; fileEncoding = 4; lastKnownFileType = sourcecode.c.objc; path = GTMSenTestCase.m; sourceTree = "<group>"; };
		FB6BF26810120C4A0022ED7C /* GTMSenTestCase.h */ = {isa = PBXFileReference; fileEncoding = 4; lastKnownFileType = sourcecode.c.h; path = GTMSenTestCase.h; sourceTree = "<group>"; };
		FB6BF26910120C4A0022ED7C /* GTMIPhoneUnitTestMain.m */ = {isa = PBXFileReference; fileEncoding = 4; lastKnownFileType = sourcecode.c.objc; path = GTMIPhoneUnitTestMain.m; sourceTree = "<group>"; };
		FB6BF26A10120C4A0022ED7C /* GTMIPhoneUnitTestDelegate.m */ = {isa = PBXFileReference; fileEncoding = 4; lastKnownFileType = sourcecode.c.objc; path = GTMIPhoneUnitTestDelegate.m; sourceTree = "<group>"; };
		FB6BF26B10120C4A0022ED7C /* GTMIPhoneUnitTestDelegate.h */ = {isa = PBXFileReference; fileEncoding = 4; lastKnownFileType = sourcecode.c.h; path = GTMIPhoneUnitTestDelegate.h; sourceTree = "<group>"; };
		FB6BF27610120CE90022ED7C /* RemoteMessageTests.h */ = {isa = PBXFileReference; fileEncoding = 4; lastKnownFileType = sourcecode.c.h; path = RemoteMessageTests.h; sourceTree = "<group>"; };
		FB6BF27710120CE90022ED7C /* RemoteMessageTests.m */ = {isa = PBXFileReference; fileEncoding = 4; lastKnownFileType = sourcecode.c.objc; path = RemoteMessageTests.m; sourceTree = "<group>"; };
		FB6BF28410120DB20022ED7C /* RemoteMessage.h */ = {isa = PBXFileReference; fileEncoding = 4; lastKnownFileType = sourcecode.c.h; path = RemoteMessage.h; sourceTree = "<group>"; };
		FB6BF28510120DB20022ED7C /* RemoteMessage.m */ = {isa = PBXFileReference; fileEncoding = 4; lastKnownFileType = sourcecode.c.objc; path = RemoteMessage.m; sourceTree = "<group>"; };
		FB6BF2E2101212860022ED7C /* MessagePerson.h */ = {isa = PBXFileReference; fileEncoding = 4; lastKnownFileType = sourcecode.c.h; path = MessagePerson.h; sourceTree = "<group>"; };
		FB6BF2E3101212860022ED7C /* MessagePerson.m */ = {isa = PBXFileReference; fileEncoding = 4; lastKnownFileType = sourcecode.c.objc; path = MessagePerson.m; sourceTree = "<group>"; };
/* End PBXFileReference section */

/* Begin PBXFrameworksBuildPhase section */
		1D60588F0D05DD3D006BFB54 /* Frameworks */ = {
			isa = PBXFrameworksBuildPhase;
			buildActionMask = 2147483647;
			files = (
				1D60589F0D05DD5A006BFB54 /* Foundation.framework in Frameworks */,
				1DF5F4E00D08C38300B7A737 /* UIKit.framework in Frameworks */,
				288765FD0DF74451002DB57D /* CoreGraphics.framework in Frameworks */,
			);
			runOnlyForDeploymentPostprocessing = 0;
		};
		FB6BF25010120BBC0022ED7C /* Frameworks */ = {
			isa = PBXFrameworksBuildPhase;
			buildActionMask = 2147483647;
			files = (
			);
			runOnlyForDeploymentPostprocessing = 0;
		};
/* End PBXFrameworksBuildPhase section */

/* Begin PBXGroup section */
		080E96DDFE201D6D7F000001 /* Classes */ = {
			isa = PBXGroup;
			children = (
				FB6BF27110120C6B0022ED7C /* TestClasses */,
				FB6BF27010120C570022ED7C /* Model */,
				1D3623240D0F684500981E51 /* AtlantaBarCampJsonAppDelegate.h */,
				1D3623250D0F684500981E51 /* AtlantaBarCampJsonAppDelegate.m */,
			);
			path = Classes;
			sourceTree = "<group>";
		};
		19C28FACFE9D520D11CA2CBB /* Products */ = {
			isa = PBXGroup;
			children = (
				1D6058910D05DD3D006BFB54 /* AtlantaBarCampJson.app */,
				FB6BF25210120BBC0022ED7C /* Unit Test.app */,
			);
			name = Products;
			sourceTree = "<group>";
		};
		29B97314FDCFA39411CA2CEA /* CustomTemplate */ = {
			isa = PBXGroup;
			children = (
				FB6BF26510120C030022ED7C /* UnitTestingGoogleToolbox */,
				FB6BF24210120B610022ED7C /* Json */,
				080E96DDFE201D6D7F000001 /* Classes */,
				29B97315FDCFA39411CA2CEA /* Other Sources */,
				29B97317FDCFA39411CA2CEA /* Resources */,
				29B97323FDCFA39411CA2CEA /* Frameworks */,
				19C28FACFE9D520D11CA2CBB /* Products */,
				FB6BF25410120BBC0022ED7C /* Unit Test-Info.plist */,
			);
			name = CustomTemplate;
			sourceTree = "<group>";
		};
		29B97315FDCFA39411CA2CEA /* Other Sources */ = {
			isa = PBXGroup;
			children = (
				32CA4F630368D1EE00C91783 /* AtlantaBarCampJson_Prefix.pch */,
				29B97316FDCFA39411CA2CEA /* main.m */,
			);
			name = "Other Sources";
			sourceTree = "<group>";
		};
		29B97317FDCFA39411CA2CEA /* Resources */ = {
			isa = PBXGroup;
			children = (
				28AD733E0D9D9553002E5188 /* MainWindow.xib */,
				8D1107310486CEB800E47090 /* Info.plist */,
			);
			name = Resources;
			sourceTree = "<group>";
		};
		29B97323FDCFA39411CA2CEA /* Frameworks */ = {
			isa = PBXGroup;
			children = (
				1DF5F4DF0D08C38300B7A737 /* UIKit.framework */,
				1D30AB110D05D00D00671497 /* Foundation.framework */,
				288765FC0DF74451002DB57D /* CoreGraphics.framework */,
			);
			name = Frameworks;
			sourceTree = "<group>";
		};
		FB6BF24210120B610022ED7C /* Json */ = {
			isa = PBXGroup;
			children = (
				FB6BF24310120BA80022ED7C /* SBJSON.m */,
				FB6BF24410120BA80022ED7C /* SBJSON.h */,
				FB6BF24510120BA80022ED7C /* NSString+SBJSON.m */,
				FB6BF24610120BA80022ED7C /* NSString+SBJSON.h */,
				FB6BF24710120BA80022ED7C /* NSObject+SBJSON.m */,
				FB6BF24810120BA80022ED7C /* NSObject+SBJSON.h */,
				FB6BF24910120BA80022ED7C /* JSON.h */,
			);
			path = Json;
			sourceTree = "<group>";
		};
		FB6BF26510120C030022ED7C /* UnitTestingGoogleToolbox */ = {
			isa = PBXGroup;
			children = (
				FB6BF26710120C4A0022ED7C /* GTMSenTestCase.m */,
				FB6BF26810120C4A0022ED7C /* GTMSenTestCase.h */,
				FB6BF26910120C4A0022ED7C /* GTMIPhoneUnitTestMain.m */,
				FB6BF26A10120C4A0022ED7C /* GTMIPhoneUnitTestDelegate.m */,
				FB6BF26B10120C4A0022ED7C /* GTMIPhoneUnitTestDelegate.h */,
				FB6BF26610120C260022ED7C /* GTMDefines.h */,
			);
			name = UnitTestingGoogleToolbox;
			sourceTree = "<group>";
		};
		FB6BF27010120C570022ED7C /* Model */ = {
			isa = PBXGroup;
			children = (
				FB6BF28410120DB20022ED7C /* RemoteMessage.h */,
				FB6BF28510120DB20022ED7C /* RemoteMessage.m */,
				FB6BF2E2101212860022ED7C /* MessagePerson.h */,
				FB6BF2E3101212860022ED7C /* MessagePerson.m */,
			);
			path = Model;
			sourceTree = "<group>";
		};
		FB6BF27110120C6B0022ED7C /* TestClasses */ = {
			isa = PBXGroup;
			children = (
				FB6BF27610120CE90022ED7C /* RemoteMessageTests.h */,
				FB6BF27710120CE90022ED7C /* RemoteMessageTests.m */,
			);
			path = TestClasses;
			sourceTree = "<group>";
		};
/* End PBXGroup section */

/* Begin PBXNativeTarget section */
		1D6058900D05DD3D006BFB54 /* AtlantaBarCampJson */ = {
			isa = PBXNativeTarget;
			buildConfigurationList = 1D6058960D05DD3E006BFB54 /* Build configuration list for PBXNativeTarget "AtlantaBarCampJson" */;
			buildPhases = (
				1D60588D0D05DD3D006BFB54 /* Resources */,
				1D60588E0D05DD3D006BFB54 /* Sources */,
				1D60588F0D05DD3D006BFB54 /* Frameworks */,
			);
			buildRules = (
			);
			dependencies = (
			);
			name = AtlantaBarCampJson;
			productName = AtlantaBarCampJson;
			productReference = 1D6058910D05DD3D006BFB54 /* AtlantaBarCampJson.app */;
			productType = "com.apple.product-type.application";
		};
		FB6BF25110120BBC0022ED7C /* Unit Test */ = {
			isa = PBXNativeTarget;
			buildConfigurationList = FB6BF25710120BBD0022ED7C /* Build configuration list for PBXNativeTarget "Unit Test" */;
			buildPhases = (
				FB6BF24E10120BBC0022ED7C /* Resources */,
				FB6BF24F10120BBC0022ED7C /* Sources */,
				FB6BF25010120BBC0022ED7C /* Frameworks */,
				FB6BF25910120BC60022ED7C /* ShellScript */,
			);
			buildRules = (
			);
			dependencies = (
			);
			name = "Unit Test";
			productName = "Unit Test";
			productReference = FB6BF25210120BBC0022ED7C /* Unit Test.app */;
			productType = "com.apple.product-type.application";
		};
/* End PBXNativeTarget section */

/* Begin PBXProject section */
		29B97313FDCFA39411CA2CEA /* Project object */ = {
			isa = PBXProject;
			buildConfigurationList = C01FCF4E08A954540054247B /* Build configuration list for PBXProject "AtlantaBarCampJson" */;
			compatibilityVersion = "Xcode 3.1";
			hasScannedForEncodings = 1;
			mainGroup = 29B97314FDCFA39411CA2CEA /* CustomTemplate */;
			projectDirPath = "";
			projectRoot = "";
			targets = (
				1D6058900D05DD3D006BFB54 /* AtlantaBarCampJson */,
				FB6BF25110120BBC0022ED7C /* Unit Test */,
			);
		};
/* End PBXProject section */

/* Begin PBXResourcesBuildPhase section */
		1D60588D0D05DD3D006BFB54 /* Resources */ = {
			isa = PBXResourcesBuildPhase;
			buildActionMask = 2147483647;
			files = (
				28AD733F0D9D9553002E5188 /* MainWindow.xib in Resources */,
			);
			runOnlyForDeploymentPostprocessing = 0;
		};
		FB6BF24E10120BBC0022ED7C /* Resources */ = {
			isa = PBXResourcesBuildPhase;
			buildActionMask = 2147483647;
			files = (
			);
			runOnlyForDeploymentPostprocessing = 0;
		};
/* End PBXResourcesBuildPhase section */

/* Begin PBXShellScriptBuildPhase section */
		FB6BF25910120BC60022ED7C /* ShellScript */ = {
			isa = PBXShellScriptBuildPhase;
			buildActionMask = 2147483647;
			files = (
			);
			inputPaths = (
			);
			outputPaths = (
			);
			runOnlyForDeploymentPostprocessing = 0;
			shellPath = /bin/sh;
			shellScript = "../google-toolbox-for-mac-1-5-1/UnitTesting/RunIPhoneUnitTest.sh";
		};
/* End PBXShellScriptBuildPhase section */

/* Begin PBXSourcesBuildPhase section */
		1D60588E0D05DD3D006BFB54 /* Sources */ = {
			isa = PBXSourcesBuildPhase;
			buildActionMask = 2147483647;
			files = (
				1D60589B0D05DD56006BFB54 /* main.m in Sources */,
				1D3623260D0F684500981E51 /* AtlantaBarCampJsonAppDelegate.m in Sources */,
				FB6BF24A10120BA80022ED7C /* SBJSON.m in Sources */,
				FB6BF24B10120BA80022ED7C /* NSString+SBJSON.m in Sources */,
				FB6BF24C10120BA80022ED7C /* NSObject+SBJSON.m in Sources */,
			);
			runOnlyForDeploymentPostprocessing = 0;
		};
		FB6BF24F10120BBC0022ED7C /* Sources */ = {
			isa = PBXSourcesBuildPhase;
			buildActionMask = 2147483647;
			files = (
				FB6BF296101210CB0022ED7C /* SBJSON.m in Sources */,
				FB6BF298101210CB0022ED7C /* NSString+SBJSON.m in Sources */,
				FB6BF29A101210CB0022ED7C /* NSObject+SBJSON.m in Sources */,
				FB6BF26C10120C4A0022ED7C /* GTMSenTestCase.m in Sources */,
				FB6BF26D10120C4A0022ED7C /* GTMIPhoneUnitTestMain.m in Sources */,
				FB6BF26E10120C4A0022ED7C /* GTMIPhoneUnitTestDelegate.m in Sources */,
				FB6BF27810120CE90022ED7C /* RemoteMessageTests.m in Sources */,
				FB6BF28610120DB20022ED7C /* RemoteMessage.m in Sources */,
				FB6BF2E4101212860022ED7C /* MessagePerson.m in Sources */,
			);
			runOnlyForDeploymentPostprocessing = 0;
		};
/* End PBXSourcesBuildPhase section */

/* Begin XCBuildConfiguration section */
		1D6058940D05DD3E006BFB54 /* Debug */ = {
			isa = XCBuildConfiguration;
			buildSettings = {
				ALWAYS_SEARCH_USER_PATHS = NO;
				COPY_PHASE_STRIP = NO;
				GCC_DYNAMIC_NO_PIC = NO;
				GCC_OPTIMIZATION_LEVEL = 0;
				GCC_PRECOMPILE_PREFIX_HEADER = YES;
				GCC_PREFIX_HEADER = AtlantaBarCampJson_Prefix.pch;
				INFOPLIST_FILE = Info.plist;
				PRODUCT_NAME = AtlantaBarCampJson;
			};
			name = Debug;
		};
		1D6058950D05DD3E006BFB54 /* Release */ = {
			isa = XCBuildConfiguration;
			buildSettings = {
				ALWAYS_SEARCH_USER_PATHS = NO;
				COPY_PHASE_STRIP = YES;
				GCC_PRECOMPILE_PREFIX_HEADER = YES;
				GCC_PREFIX_HEADER = AtlantaBarCampJson_Prefix.pch;
				INFOPLIST_FILE = Info.plist;
				PRODUCT_NAME = AtlantaBarCampJson;
			};
			name = Release;
		};
		C01FCF4F08A954540054247B /* Debug */ = {
			isa = XCBuildConfiguration;
			buildSettings = {
				ARCHS = "$(ARCHS_STANDARD_32_BIT)";
				"CODE_SIGN_IDENTITY[sdk=iphoneos*]" = "iPhone Developer";
				GCC_C_LANGUAGE_STANDARD = c99;
				GCC_WARN_ABOUT_RETURN_TYPE = YES;
				GCC_WARN_UNUSED_VARIABLE = YES;
				ONLY_ACTIVE_ARCH = YES;
				PREBINDING = NO;
				SDKROOT = iphoneos2.2.1;
			};
			name = Debug;
		};
		C01FCF5008A954540054247B /* Release */ = {
			isa = XCBuildConfiguration;
			buildSettings = {
				ARCHS = "$(ARCHS_STANDARD_32_BIT)";
				"CODE_SIGN_IDENTITY[sdk=iphoneos*]" = "iPhone Developer";
				GCC_C_LANGUAGE_STANDARD = c99;
				GCC_WARN_ABOUT_RETURN_TYPE = YES;
				GCC_WARN_UNUSED_VARIABLE = YES;
				PREBINDING = NO;
				SDKROOT = iphoneos2.2.1;
			};
			name = Release;
		};
		FB6BF25510120BBD0022ED7C /* Debug */ = {
			isa = XCBuildConfiguration;
			buildSettings = {
				ALWAYS_SEARCH_USER_PATHS = NO;
				CODE_SIGN_IDENTITY = "iPhone Developer";
				COPY_PHASE_STRIP = NO;
				GCC_DYNAMIC_NO_PIC = NO;
				GCC_OPTIMIZATION_LEVEL = 0;
				GCC_PRECOMPILE_PREFIX_HEADER = YES;
				GCC_PREFIX_HEADER = "$(SYSTEM_LIBRARY_DIR)/Frameworks/UIKit.framework/Headers/UIKit.h";
				INFOPLIST_FILE = "Unit Test-Info.plist";
				INSTALL_PATH = "$(HOME)/Applications";
				OTHER_LDFLAGS = (
					"-framework",
					Foundation,
					"-framework",
					UIKit,
				);
				PREBINDING = NO;
				PRODUCT_NAME = "Unit Test";
				SDKROOT = iphoneos2.2.1;
			};
			name = Debug;
		};
		FB6BF25610120BBD0022ED7C /* Release */ = {
			isa = XCBuildConfiguration;
			buildSettings = {
				ALWAYS_SEARCH_USER_PATHS = NO;
				CODE_SIGN_IDENTITY = "iPhone Developer";
				COPY_PHASE_STRIP = YES;
				DEBUG_INFORMATION_FORMAT = "dwarf-with-dsym";
				GCC_ENABLE_FIX_AND_CONTINUE = NO;
				GCC_PRECOMPILE_PREFIX_HEADER = YES;
				GCC_PREFIX_HEADER = "$(SYSTEM_LIBRARY_DIR)/Frameworks/UIKit.framework/Headers/UIKit.h";
				INFOPLIST_FILE = "Unit Test-Info.plist";
				INSTALL_PATH = "$(HOME)/Applications";
				OTHER_LDFLAGS = (
					"-framework",
					Foundation,
					"-framework",
					UIKit,
				);
				PREBINDING = NO;
				PRODUCT_NAME = "Unit Test";
				SDKROOT = iphoneos2.2.1;
				ZERO_LINK = NO;
			};
			name = Release;
		};
/* End XCBuildConfiguration section */

/* Begin XCConfigurationList section */
		1D6058960D05DD3E006BFB54 /* Build configuration list for PBXNativeTarget "AtlantaBarCampJson" */ = {
			isa = XCConfigurationList;
			buildConfigurations = (
				1D6058940D05DD3E006BFB54 /* Debug */,
				1D6058950D05DD3E006BFB54 /* Release */,
			);
			defaultConfigurationIsVisible = 0;
			defaultConfigurationName = Release;
		};
		C01FCF4E08A954540054247B /* Build configuration list for PBXProject "AtlantaBarCampJson" */ = {
			isa = XCConfigurationList;
			buildConfigurations = (
				C01FCF4F08A954540054247B /* Debug */,
				C01FCF5008A954540054247B /* Release */,
			);
			defaultConfigurationIsVisible = 0;
			defaultConfigurationName = Release;
		};
		FB6BF25710120BBD0022ED7C /* Build configuration list for PBXNativeTarget "Unit Test" */ = {
			isa = XCConfigurationList;
			buildConfigurations = (
				FB6BF25510120BBD0022ED7C /* Debug */,
				FB6BF25610120BBD0022ED7C /* Release */,
			);
			defaultConfigurationIsVisible = 0;
			defaultConfigurationName = Release;
		};
/* End XCConfigurationList section */
	};
	rootObject = 29B97313FDCFA39411CA2CEA /* Project object */;
}
