// !$*UTF8*$!
{
	archiveVersion = 1;
	classes = {
	};
	objectVersion = 46;
	objects = {

/* Begin PBXBuildFile section */
		A96A05E214733EB000273427 /* AddUserViewController.m in Sources */ = {isa = PBXBuildFile; fileRef = A96A05E114733EB000273427 /* AddUserViewController.m */; };
		A96A05E314733EB000273427 /* AddUserViewController.m in Sources */ = {isa = PBXBuildFile; fileRef = A96A05E114733EB000273427 /* AddUserViewController.m */; };
		A96A05E7147446C700273427 /* SynchronizationCoordinator.m in Sources */ = {isa = PBXBuildFile; fileRef = A96A05E6147446C700273427 /* SynchronizationCoordinator.m */; };
		A96A05E8147446C700273427 /* SynchronizationCoordinator.m in Sources */ = {isa = PBXBuildFile; fileRef = A96A05E6147446C700273427 /* SynchronizationCoordinator.m */; };
		A96A05E9147446C700273427 /* SynchronizationCoordinator.m in Sources */ = {isa = PBXBuildFile; fileRef = A96A05E6147446C700273427 /* SynchronizationCoordinator.m */; };
		A96A05EE147446EB00273427 /* SynchronizationCoordinatorTests.m in Sources */ = {isa = PBXBuildFile; fileRef = A96A05EB147446EB00273427 /* SynchronizationCoordinatorTests.m */; };
		A96A05F11474650800273427 /* CoreDataManager.m in Sources */ = {isa = PBXBuildFile; fileRef = A96A05F01474650800273427 /* CoreDataManager.m */; };
		A96A05F21474650800273427 /* CoreDataManager.m in Sources */ = {isa = PBXBuildFile; fileRef = A96A05F01474650800273427 /* CoreDataManager.m */; };
		A96A05F31474650800273427 /* CoreDataManager.m in Sources */ = {isa = PBXBuildFile; fileRef = A96A05F01474650800273427 /* CoreDataManager.m */; };
		A96A05F6147465FE00273427 /* GHUnitAtlantaIOSAppDelegate.m in Sources */ = {isa = PBXBuildFile; fileRef = A96A05F5147465FE00273427 /* GHUnitAtlantaIOSAppDelegate.m */; };
		A96A05F7147469FA00273427 /* AtlantaIOSStackMob.xcdatamodeld in Sources */ = {isa = PBXBuildFile; fileRef = A9EA550D14722F5900E0EC71 /* AtlantaIOSStackMob.xcdatamodeld */; };
		A96A05F8147469FA00273427 /* AtlantaIOSStackMob.xcdatamodeld in Sources */ = {isa = PBXBuildFile; fileRef = A9EA550D14722F5900E0EC71 /* AtlantaIOSStackMob.xcdatamodeld */; };
		A991A93E14723D4F00777841 /* UserService.m in Sources */ = {isa = PBXBuildFile; fileRef = A991A93D14723D4F00777841 /* UserService.m */; };
		A991A93F14723D4F00777841 /* UserService.m in Sources */ = {isa = PBXBuildFile; fileRef = A991A93D14723D4F00777841 /* UserService.m */; };
		A991A94214723EB100777841 /* LevousStackMobService.m in Sources */ = {isa = PBXBuildFile; fileRef = A991A94114723EB100777841 /* LevousStackMobService.m */; };
		A991A94314723EB100777841 /* LevousStackMobService.m in Sources */ = {isa = PBXBuildFile; fileRef = A991A94114723EB100777841 /* LevousStackMobService.m */; };
		A991A94A147245D600777841 /* UIKit.framework in Frameworks */ = {isa = PBXBuildFile; fileRef = A9EA54CB147225D600E0EC71 /* UIKit.framework */; };
		A991A94B147245D600777841 /* Foundation.framework in Frameworks */ = {isa = PBXBuildFile; fileRef = A9EA54CD147225D700E0EC71 /* Foundation.framework */; };
		A991A94C147245D600777841 /* CoreGraphics.framework in Frameworks */ = {isa = PBXBuildFile; fileRef = A9EA54CF147225D700E0EC71 /* CoreGraphics.framework */; };
		A991A952147245D600777841 /* InfoPlist.strings in Resources */ = {isa = PBXBuildFile; fileRef = A991A950147245D600777841 /* InfoPlist.strings */; };
		A991A954147245D600777841 /* main.m in Sources */ = {isa = PBXBuildFile; fileRef = A991A953147245D600777841 /* main.m */; };
		A991A95D1472473700777841 /* GHUnitIOS.framework in Frameworks */ = {isa = PBXBuildFile; fileRef = A991A95C1472473700777841 /* GHUnitIOS.framework */; };
		A991A9611472488400777841 /* UserServiceTests.m in Sources */ = {isa = PBXBuildFile; fileRef = A991A9601472488400777841 /* UserServiceTests.m */; };
		A991A96214724B1700777841 /* UserService.m in Sources */ = {isa = PBXBuildFile; fileRef = A991A93D14723D4F00777841 /* UserService.m */; };
		A991A96314724B1700777841 /* LevousStackMobService.m in Sources */ = {isa = PBXBuildFile; fileRef = A991A94114723EB100777841 /* LevousStackMobService.m */; };
		A991A96414724B1700777841 /* JSONKit.m in Sources */ = {isa = PBXBuildFile; fileRef = A9E0650D14723A4B00DF2427 /* JSONKit.m */; };
		A991A96514724B1700777841 /* NSMutableURLRequest+Parameters.m in Sources */ = {isa = PBXBuildFile; fileRef = A9E0651514723A4B00DF2427 /* NSMutableURLRequest+Parameters.m */; };
		A991A96614724B1700777841 /* NSString+URLEncoding.m in Sources */ = {isa = PBXBuildFile; fileRef = A9E0651714723A4B00DF2427 /* NSString+URLEncoding.m */; };
		A991A96714724B1700777841 /* NSURL+Base.m in Sources */ = {isa = PBXBuildFile; fileRef = A9E0651914723A4B00DF2427 /* NSURL+Base.m */; };
		A991A96814724B1700777841 /* OAAsynchronousDataFetcher.m in Sources */ = {isa = PBXBuildFile; fileRef = A9E0651B14723A4B00DF2427 /* OAAsynchronousDataFetcher.m */; };
		A991A96914724B1700777841 /* OAConsumer.m in Sources */ = {isa = PBXBuildFile; fileRef = A9E0651D14723A4B00DF2427 /* OAConsumer.m */; };
		A991A96A14724B1700777841 /* OADataFetcher.m in Sources */ = {isa = PBXBuildFile; fileRef = A9E0651F14723A4B00DF2427 /* OADataFetcher.m */; };
		A991A96B14724B1700777841 /* OAHMAC_SHA1SignatureProvider.m in Sources */ = {isa = PBXBuildFile; fileRef = A9E0652114723A4B00DF2427 /* OAHMAC_SHA1SignatureProvider.m */; };
		A991A96C14724B1700777841 /* OAMutableURLRequest.m in Sources */ = {isa = PBXBuildFile; fileRef = A9E0652314723A4B00DF2427 /* OAMutableURLRequest.m */; };
		A991A96D14724B1700777841 /* OAPlaintextSignatureProvider.m in Sources */ = {isa = PBXBuildFile; fileRef = A9E0652514723A4B00DF2427 /* OAPlaintextSignatureProvider.m */; };
		A991A96E14724B1700777841 /* OARequestParameter.m in Sources */ = {isa = PBXBuildFile; fileRef = A9E0652714723A4B00DF2427 /* OARequestParameter.m */; };
		A991A96F14724B1700777841 /* OAServiceTicket.m in Sources */ = {isa = PBXBuildFile; fileRef = A9E0652914723A4B00DF2427 /* OAServiceTicket.m */; };
		A991A97014724B1700777841 /* OAToken.m in Sources */ = {isa = PBXBuildFile; fileRef = A9E0652C14723A4B00DF2427 /* OAToken.m */; };
		A991A97114724B1700777841 /* Reachability.m in Sources */ = {isa = PBXBuildFile; fileRef = A9E0653014723A4B00DF2427 /* Reachability.m */; };
		A991A97214724B1700777841 /* StackMob.m in Sources */ = {isa = PBXBuildFile; fileRef = A9E0653214723A4B00DF2427 /* StackMob.m */; };
		A991A97314724B1700777841 /* StackMobAdditions.m in Sources */ = {isa = PBXBuildFile; fileRef = A9E0653414723A4B00DF2427 /* StackMobAdditions.m */; };
		A991A97414724B1700777841 /* StackMobClientData.m in Sources */ = {isa = PBXBuildFile; fileRef = A9E0653614723A4B00DF2427 /* StackMobClientData.m */; };
		A991A97514724B1700777841 /* StackMobHerokuRequest.m in Sources */ = {isa = PBXBuildFile; fileRef = A9E0653914723A4B00DF2427 /* StackMobHerokuRequest.m */; };
		A991A97614724B1700777841 /* StackMobPushRequest.m in Sources */ = {isa = PBXBuildFile; fileRef = A9E0653B14723A4B00DF2427 /* StackMobPushRequest.m */; };
		A991A97714724B1700777841 /* StackMobQuery.m in Sources */ = {isa = PBXBuildFile; fileRef = A9E0653D14723A4B00DF2427 /* StackMobQuery.m */; };
		A991A97814724B1700777841 /* StackMobRequest.m in Sources */ = {isa = PBXBuildFile; fileRef = A9E0653F14723A4B00DF2427 /* StackMobRequest.m */; };
		A991A97914724B1700777841 /* StackMobSession.m in Sources */ = {isa = PBXBuildFile; fileRef = A9E0654114723A4B00DF2427 /* StackMobSession.m */; };
		A991A97A14724B1700777841 /* NSData+Base64.m in Sources */ = {isa = PBXBuildFile; fileRef = A9E0654514723A4B00DF2427 /* NSData+Base64.m */; };
		A991A97B14724B1700777841 /* NSData+JSON.m in Sources */ = {isa = PBXBuildFile; fileRef = A9E0654714723A4B00DF2427 /* NSData+JSON.m */; };
		A991A97C14724B4600777841 /* CFNetwork.framework in Frameworks */ = {isa = PBXBuildFile; fileRef = A9E065001472399000DF2427 /* CFNetwork.framework */; };
		A991A97D14724B4C00777841 /* CoreData.framework in Frameworks */ = {isa = PBXBuildFile; fileRef = A9EA54D1147225D700E0EC71 /* CoreData.framework */; };
		A991A97E14724B4C00777841 /* SenTestingKit.framework in Frameworks */ = {isa = PBXBuildFile; fileRef = A9EA54F4147225D700E0EC71 /* SenTestingKit.framework */; };
		A991A97F14724B4C00777841 /* SystemConfiguration.framework in Frameworks */ = {isa = PBXBuildFile; fileRef = A9E065031472399700DF2427 /* SystemConfiguration.framework */; };
		A991A98014724C1100777841 /* Base64Transcoder.c in Sources */ = {isa = PBXBuildFile; fileRef = A9E0651214723A4B00DF2427 /* Base64Transcoder.c */; };
		A9E06505147239E700DF2427 /* CFNetwork.framework in Frameworks */ = {isa = PBXBuildFile; fileRef = A9E065001472399000DF2427 /* CFNetwork.framework */; };
		A9E06506147239E800DF2427 /* CFNetwork.framework in Frameworks */ = {isa = PBXBuildFile; fileRef = A9E065001472399000DF2427 /* CFNetwork.framework */; };
		A9E06507147239EE00DF2427 /* SystemConfiguration.framework in Frameworks */ = {isa = PBXBuildFile; fileRef = A9E065031472399700DF2427 /* SystemConfiguration.framework */; };
		A9E06508147239EE00DF2427 /* SystemConfiguration.framework in Frameworks */ = {isa = PBXBuildFile; fileRef = A9E065031472399700DF2427 /* SystemConfiguration.framework */; };
		A9E0654814723A4B00DF2427 /* JSONKit.m in Sources */ = {isa = PBXBuildFile; fileRef = A9E0650D14723A4B00DF2427 /* JSONKit.m */; };
		A9E0654914723A4B00DF2427 /* YAJLIOS.framework in Frameworks */ = {isa = PBXBuildFile; fileRef = A9E0650F14723A4B00DF2427 /* YAJLIOS.framework */; };
		A9E0654A14723A4B00DF2427 /* Base64Transcoder.c in Sources */ = {isa = PBXBuildFile; fileRef = A9E0651214723A4B00DF2427 /* Base64Transcoder.c */; };
		A9E0654B14723A4B00DF2427 /* NSMutableURLRequest+Parameters.m in Sources */ = {isa = PBXBuildFile; fileRef = A9E0651514723A4B00DF2427 /* NSMutableURLRequest+Parameters.m */; };
		A9E0654C14723A4B00DF2427 /* NSString+URLEncoding.m in Sources */ = {isa = PBXBuildFile; fileRef = A9E0651714723A4B00DF2427 /* NSString+URLEncoding.m */; };
		A9E0654D14723A4B00DF2427 /* NSURL+Base.m in Sources */ = {isa = PBXBuildFile; fileRef = A9E0651914723A4B00DF2427 /* NSURL+Base.m */; };
		A9E0654E14723A4B00DF2427 /* OAAsynchronousDataFetcher.m in Sources */ = {isa = PBXBuildFile; fileRef = A9E0651B14723A4B00DF2427 /* OAAsynchronousDataFetcher.m */; };
		A9E0654F14723A4B00DF2427 /* OAConsumer.m in Sources */ = {isa = PBXBuildFile; fileRef = A9E0651D14723A4B00DF2427 /* OAConsumer.m */; };
		A9E0655014723A4B00DF2427 /* OADataFetcher.m in Sources */ = {isa = PBXBuildFile; fileRef = A9E0651F14723A4B00DF2427 /* OADataFetcher.m */; };
		A9E0655114723A4B00DF2427 /* OAHMAC_SHA1SignatureProvider.m in Sources */ = {isa = PBXBuildFile; fileRef = A9E0652114723A4B00DF2427 /* OAHMAC_SHA1SignatureProvider.m */; };
		A9E0655214723A4B00DF2427 /* OAMutableURLRequest.m in Sources */ = {isa = PBXBuildFile; fileRef = A9E0652314723A4B00DF2427 /* OAMutableURLRequest.m */; };
		A9E0655314723A4B00DF2427 /* OAPlaintextSignatureProvider.m in Sources */ = {isa = PBXBuildFile; fileRef = A9E0652514723A4B00DF2427 /* OAPlaintextSignatureProvider.m */; };
		A9E0655414723A4B00DF2427 /* OARequestParameter.m in Sources */ = {isa = PBXBuildFile; fileRef = A9E0652714723A4B00DF2427 /* OARequestParameter.m */; };
		A9E0655514723A4B00DF2427 /* OAServiceTicket.m in Sources */ = {isa = PBXBuildFile; fileRef = A9E0652914723A4B00DF2427 /* OAServiceTicket.m */; };
		A9E0655614723A4B00DF2427 /* OAToken.m in Sources */ = {isa = PBXBuildFile; fileRef = A9E0652C14723A4B00DF2427 /* OAToken.m */; };
		A9E0655714723A4B00DF2427 /* Reachability.m in Sources */ = {isa = PBXBuildFile; fileRef = A9E0653014723A4B00DF2427 /* Reachability.m */; };
		A9E0655814723A4B00DF2427 /* StackMob.m in Sources */ = {isa = PBXBuildFile; fileRef = A9E0653214723A4B00DF2427 /* StackMob.m */; };
		A9E0655914723A4B00DF2427 /* StackMobAdditions.m in Sources */ = {isa = PBXBuildFile; fileRef = A9E0653414723A4B00DF2427 /* StackMobAdditions.m */; };
		A9E0655A14723A4B00DF2427 /* StackMobClientData.m in Sources */ = {isa = PBXBuildFile; fileRef = A9E0653614723A4B00DF2427 /* StackMobClientData.m */; };
		A9E0655B14723A4B00DF2427 /* StackMobHerokuRequest.m in Sources */ = {isa = PBXBuildFile; fileRef = A9E0653914723A4B00DF2427 /* StackMobHerokuRequest.m */; };
		A9E0655C14723A4B00DF2427 /* StackMobPushRequest.m in Sources */ = {isa = PBXBuildFile; fileRef = A9E0653B14723A4B00DF2427 /* StackMobPushRequest.m */; };
		A9E0655D14723A4B00DF2427 /* StackMobQuery.m in Sources */ = {isa = PBXBuildFile; fileRef = A9E0653D14723A4B00DF2427 /* StackMobQuery.m */; };
		A9E0655E14723A4B00DF2427 /* StackMobRequest.m in Sources */ = {isa = PBXBuildFile; fileRef = A9E0653F14723A4B00DF2427 /* StackMobRequest.m */; };
		A9E0655F14723A4B00DF2427 /* StackMobSession.m in Sources */ = {isa = PBXBuildFile; fileRef = A9E0654114723A4B00DF2427 /* StackMobSession.m */; };
		A9E0656014723A4B00DF2427 /* NSData+Base64.m in Sources */ = {isa = PBXBuildFile; fileRef = A9E0654514723A4B00DF2427 /* NSData+Base64.m */; };
		A9E0656114723A4B00DF2427 /* NSData+JSON.m in Sources */ = {isa = PBXBuildFile; fileRef = A9E0654714723A4B00DF2427 /* NSData+JSON.m */; };
		A9E0656314723C1700DF2427 /* JSONKit.m in Sources */ = {isa = PBXBuildFile; fileRef = A9E0650D14723A4B00DF2427 /* JSONKit.m */; };
		A9E0656414723C1700DF2427 /* StackMob.m in Sources */ = {isa = PBXBuildFile; fileRef = A9E0653214723A4B00DF2427 /* StackMob.m */; };
		A9E0656514723C1700DF2427 /* StackMobAdditions.m in Sources */ = {isa = PBXBuildFile; fileRef = A9E0653414723A4B00DF2427 /* StackMobAdditions.m */; };
		A9E0656614723C1700DF2427 /* StackMobClientData.m in Sources */ = {isa = PBXBuildFile; fileRef = A9E0653614723A4B00DF2427 /* StackMobClientData.m */; };
		A9E0656714723C1700DF2427 /* StackMobHerokuRequest.m in Sources */ = {isa = PBXBuildFile; fileRef = A9E0653914723A4B00DF2427 /* StackMobHerokuRequest.m */; };
		A9E0656814723C1700DF2427 /* StackMobPushRequest.m in Sources */ = {isa = PBXBuildFile; fileRef = A9E0653B14723A4B00DF2427 /* StackMobPushRequest.m */; };
		A9E0656914723C1700DF2427 /* StackMobQuery.m in Sources */ = {isa = PBXBuildFile; fileRef = A9E0653D14723A4B00DF2427 /* StackMobQuery.m */; };
		A9E0656A14723C1700DF2427 /* StackMobRequest.m in Sources */ = {isa = PBXBuildFile; fileRef = A9E0653F14723A4B00DF2427 /* StackMobRequest.m */; };
		A9E0656B14723C1700DF2427 /* StackMobSession.m in Sources */ = {isa = PBXBuildFile; fileRef = A9E0654114723A4B00DF2427 /* StackMobSession.m */; };
		A9E0656C14723C1700DF2427 /* NSData+Base64.m in Sources */ = {isa = PBXBuildFile; fileRef = A9E0654514723A4B00DF2427 /* NSData+Base64.m */; };
		A9E0656D14723C1700DF2427 /* NSData+JSON.m in Sources */ = {isa = PBXBuildFile; fileRef = A9E0654714723A4B00DF2427 /* NSData+JSON.m */; };
		A9E0656E14723C2000DF2427 /* YAJLIOS.framework in Frameworks */ = {isa = PBXBuildFile; fileRef = A9E0650F14723A4B00DF2427 /* YAJLIOS.framework */; };
		A9E0656F14723C4100DF2427 /* NSMutableURLRequest+Parameters.m in Sources */ = {isa = PBXBuildFile; fileRef = A9E0651514723A4B00DF2427 /* NSMutableURLRequest+Parameters.m */; };
		A9E0657014723C4100DF2427 /* NSString+URLEncoding.m in Sources */ = {isa = PBXBuildFile; fileRef = A9E0651714723A4B00DF2427 /* NSString+URLEncoding.m */; };
		A9E0657114723C4100DF2427 /* NSURL+Base.m in Sources */ = {isa = PBXBuildFile; fileRef = A9E0651914723A4B00DF2427 /* NSURL+Base.m */; };
		A9E0657214723C4100DF2427 /* OAAsynchronousDataFetcher.m in Sources */ = {isa = PBXBuildFile; fileRef = A9E0651B14723A4B00DF2427 /* OAAsynchronousDataFetcher.m */; };
		A9E0657314723C4100DF2427 /* OAConsumer.m in Sources */ = {isa = PBXBuildFile; fileRef = A9E0651D14723A4B00DF2427 /* OAConsumer.m */; };
		A9E0657414723C4100DF2427 /* OADataFetcher.m in Sources */ = {isa = PBXBuildFile; fileRef = A9E0651F14723A4B00DF2427 /* OADataFetcher.m */; };
		A9E0657514723C4100DF2427 /* OAHMAC_SHA1SignatureProvider.m in Sources */ = {isa = PBXBuildFile; fileRef = A9E0652114723A4B00DF2427 /* OAHMAC_SHA1SignatureProvider.m */; };
		A9E0657614723C4100DF2427 /* OAMutableURLRequest.m in Sources */ = {isa = PBXBuildFile; fileRef = A9E0652314723A4B00DF2427 /* OAMutableURLRequest.m */; };
		A9E0657714723C4100DF2427 /* OAPlaintextSignatureProvider.m in Sources */ = {isa = PBXBuildFile; fileRef = A9E0652514723A4B00DF2427 /* OAPlaintextSignatureProvider.m */; };
		A9E0657814723C4100DF2427 /* OARequestParameter.m in Sources */ = {isa = PBXBuildFile; fileRef = A9E0652714723A4B00DF2427 /* OARequestParameter.m */; };
		A9E0657914723C4100DF2427 /* OAServiceTicket.m in Sources */ = {isa = PBXBuildFile; fileRef = A9E0652914723A4B00DF2427 /* OAServiceTicket.m */; };
		A9E0657A14723C4100DF2427 /* OAToken.m in Sources */ = {isa = PBXBuildFile; fileRef = A9E0652C14723A4B00DF2427 /* OAToken.m */; };
		A9E0657B14723C4100DF2427 /* Reachability.m in Sources */ = {isa = PBXBuildFile; fileRef = A9E0653014723A4B00DF2427 /* Reachability.m */; };
		A9EA54CC147225D700E0EC71 /* UIKit.framework in Frameworks */ = {isa = PBXBuildFile; fileRef = A9EA54CB147225D600E0EC71 /* UIKit.framework */; };
		A9EA54CE147225D700E0EC71 /* Foundation.framework in Frameworks */ = {isa = PBXBuildFile; fileRef = A9EA54CD147225D700E0EC71 /* Foundation.framework */; };
		A9EA54D0147225D700E0EC71 /* CoreGraphics.framework in Frameworks */ = {isa = PBXBuildFile; fileRef = A9EA54CF147225D700E0EC71 /* CoreGraphics.framework */; };
		A9EA54D2147225D700E0EC71 /* CoreData.framework in Frameworks */ = {isa = PBXBuildFile; fileRef = A9EA54D1147225D700E0EC71 /* CoreData.framework */; };
		A9EA54D8147225D700E0EC71 /* InfoPlist.strings in Resources */ = {isa = PBXBuildFile; fileRef = A9EA54D6147225D700E0EC71 /* InfoPlist.strings */; };
		A9EA54DA147225D700E0EC71 /* main.m in Sources */ = {isa = PBXBuildFile; fileRef = A9EA54D9147225D700E0EC71 /* main.m */; };
		A9EA54DE147225D700E0EC71 /* LeVousAppDelegate.m in Sources */ = {isa = PBXBuildFile; fileRef = A9EA54DD147225D700E0EC71 /* LeVousAppDelegate.m */; };
		A9EA54E1147225D700E0EC71 /* MainStoryboard_iPhone.storyboard in Resources */ = {isa = PBXBuildFile; fileRef = A9EA54DF147225D700E0EC71 /* MainStoryboard_iPhone.storyboard */; };
		A9EA54E4147225D700E0EC71 /* MainStoryboard_iPad.storyboard in Resources */ = {isa = PBXBuildFile; fileRef = A9EA54E2147225D700E0EC71 /* MainStoryboard_iPad.storyboard */; };
		A9EA54EA147225D700E0EC71 /* LeVousMasterViewController.m in Sources */ = {isa = PBXBuildFile; fileRef = A9EA54E9147225D700E0EC71 /* LeVousMasterViewController.m */; };
		A9EA54ED147225D700E0EC71 /* LeVousDetailViewController.m in Sources */ = {isa = PBXBuildFile; fileRef = A9EA54EC147225D700E0EC71 /* LeVousDetailViewController.m */; };
		A9EA54F5147225D700E0EC71 /* SenTestingKit.framework in Frameworks */ = {isa = PBXBuildFile; fileRef = A9EA54F4147225D700E0EC71 /* SenTestingKit.framework */; };
		A9EA54F6147225D700E0EC71 /* UIKit.framework in Frameworks */ = {isa = PBXBuildFile; fileRef = A9EA54CB147225D600E0EC71 /* UIKit.framework */; };
		A9EA54F7147225D700E0EC71 /* Foundation.framework in Frameworks */ = {isa = PBXBuildFile; fileRef = A9EA54CD147225D700E0EC71 /* Foundation.framework */; };
		A9EA54F8147225D700E0EC71 /* CoreData.framework in Frameworks */ = {isa = PBXBuildFile; fileRef = A9EA54D1147225D700E0EC71 /* CoreData.framework */; };
		A9EA5500147225D700E0EC71 /* InfoPlist.strings in Resources */ = {isa = PBXBuildFile; fileRef = A9EA54FE147225D700E0EC71 /* InfoPlist.strings */; };
		A9EA5503147225D700E0EC71 /* AtlantaIOSStackMobTests.m in Sources */ = {isa = PBXBuildFile; fileRef = A9EA5502147225D700E0EC71 /* AtlantaIOSStackMobTests.m */; };
		A9EA550F14722F5900E0EC71 /* AtlantaIOSStackMob.xcdatamodeld in Sources */ = {isa = PBXBuildFile; fileRef = A9EA550D14722F5900E0EC71 /* AtlantaIOSStackMob.xcdatamodeld */; };
/* End PBXBuildFile section */

/* Begin PBXContainerItemProxy section */
		A9EA54F9147225D700E0EC71 /* PBXContainerItemProxy */ = {
			isa = PBXContainerItemProxy;
			containerPortal = A9EA54BE147225D600E0EC71 /* Project object */;
			proxyType = 1;
			remoteGlobalIDString = A9EA54C6147225D600E0EC71;
			remoteInfo = AtlantaIOSStackMob;
		};
/* End PBXContainerItemProxy section */

/* Begin PBXFileReference section */
		A96A05E014733EB000273427 /* AddUserViewController.h */ = {isa = PBXFileReference; fileEncoding = 4; lastKnownFileType = sourcecode.c.h; path = AddUserViewController.h; sourceTree = "<group>"; };
		A96A05E114733EB000273427 /* AddUserViewController.m */ = {isa = PBXFileReference; fileEncoding = 4; lastKnownFileType = sourcecode.c.objc; path = AddUserViewController.m; sourceTree = "<group>"; };
		A96A05E5147446C700273427 /* SynchronizationCoordinator.h */ = {isa = PBXFileReference; fileEncoding = 4; lastKnownFileType = sourcecode.c.h; path = SynchronizationCoordinator.h; sourceTree = "<group>"; };
		A96A05E6147446C700273427 /* SynchronizationCoordinator.m */ = {isa = PBXFileReference; fileEncoding = 4; lastKnownFileType = sourcecode.c.objc; path = SynchronizationCoordinator.m; sourceTree = "<group>"; };
		A96A05EA147446EB00273427 /* SynchronizationCoordinatorTests.h */ = {isa = PBXFileReference; fileEncoding = 4; lastKnownFileType = sourcecode.c.h; path = SynchronizationCoordinatorTests.h; sourceTree = "<group>"; };
		A96A05EB147446EB00273427 /* SynchronizationCoordinatorTests.m */ = {isa = PBXFileReference; fileEncoding = 4; lastKnownFileType = sourcecode.c.objc; path = SynchronizationCoordinatorTests.m; sourceTree = "<group>"; };
		A96A05EF1474650800273427 /* CoreDataManager.h */ = {isa = PBXFileReference; fileEncoding = 4; lastKnownFileType = sourcecode.c.h; path = CoreDataManager.h; sourceTree = "<group>"; };
		A96A05F01474650800273427 /* CoreDataManager.m */ = {isa = PBXFileReference; fileEncoding = 4; lastKnownFileType = sourcecode.c.objc; path = CoreDataManager.m; sourceTree = "<group>"; };
		A96A05F4147465FE00273427 /* GHUnitAtlantaIOSAppDelegate.h */ = {isa = PBXFileReference; fileEncoding = 4; lastKnownFileType = sourcecode.c.h; path = GHUnitAtlantaIOSAppDelegate.h; sourceTree = "<group>"; };
		A96A05F5147465FE00273427 /* GHUnitAtlantaIOSAppDelegate.m */ = {isa = PBXFileReference; fileEncoding = 4; lastKnownFileType = sourcecode.c.objc; path = GHUnitAtlantaIOSAppDelegate.m; sourceTree = "<group>"; };
		A991A93C14723D4F00777841 /* UserService.h */ = {isa = PBXFileReference; fileEncoding = 4; lastKnownFileType = sourcecode.c.h; path = UserService.h; sourceTree = "<group>"; };
		A991A93D14723D4F00777841 /* UserService.m */ = {isa = PBXFileReference; fileEncoding = 4; lastKnownFileType = sourcecode.c.objc; path = UserService.m; sourceTree = "<group>"; };
		A991A94014723EB100777841 /* LevousStackMobService.h */ = {isa = PBXFileReference; fileEncoding = 4; lastKnownFileType = sourcecode.c.h; path = LevousStackMobService.h; sourceTree = "<group>"; };
		A991A94114723EB100777841 /* LevousStackMobService.m */ = {isa = PBXFileReference; fileEncoding = 4; lastKnownFileType = sourcecode.c.objc; path = LevousStackMobService.m; sourceTree = "<group>"; };
		A991A948147245D600777841 /* GHUnitTests.app */ = {isa = PBXFileReference; explicitFileType = wrapper.application; includeInIndex = 0; path = GHUnitTests.app; sourceTree = BUILT_PRODUCTS_DIR; };
		A991A94F147245D600777841 /* GHUnitTests-Info.plist */ = {isa = PBXFileReference; lastKnownFileType = text.plist.xml; path = "GHUnitTests-Info.plist"; sourceTree = "<group>"; };
		A991A951147245D600777841 /* en */ = {isa = PBXFileReference; lastKnownFileType = text.plist.strings; name = en; path = en.lproj/InfoPlist.strings; sourceTree = "<group>"; };
		A991A953147245D600777841 /* main.m */ = {isa = PBXFileReference; lastKnownFileType = sourcecode.c.objc; path = main.m; sourceTree = "<group>"; };
		A991A955147245D600777841 /* GHUnitTests-Prefix.pch */ = {isa = PBXFileReference; lastKnownFileType = sourcecode.c.h; path = "GHUnitTests-Prefix.pch"; sourceTree = "<group>"; };
		A991A95C1472473700777841 /* GHUnitIOS.framework */ = {isa = PBXFileReference; lastKnownFileType = wrapper.framework; name = GHUnitIOS.framework; path = Frameworks/GHUnitIOS.framework; sourceTree = "<group>"; };
		A991A95F1472488400777841 /* UserServiceTests.h */ = {isa = PBXFileReference; fileEncoding = 4; lastKnownFileType = sourcecode.c.h; path = UserServiceTests.h; sourceTree = "<group>"; };
		A991A9601472488400777841 /* UserServiceTests.m */ = {isa = PBXFileReference; fileEncoding = 4; lastKnownFileType = sourcecode.c.objc; path = UserServiceTests.m; sourceTree = "<group>"; };
		A9E065001472399000DF2427 /* CFNetwork.framework */ = {isa = PBXFileReference; lastKnownFileType = wrapper.framework; name = CFNetwork.framework; path = System/Library/Frameworks/CFNetwork.framework; sourceTree = SDKROOT; };
		A9E065031472399700DF2427 /* SystemConfiguration.framework */ = {isa = PBXFileReference; lastKnownFileType = wrapper.framework; name = SystemConfiguration.framework; path = System/Library/Frameworks/SystemConfiguration.framework; sourceTree = SDKROOT; };
		A9E0650C14723A4B00DF2427 /* JSONKit.h */ = {isa = PBXFileReference; fileEncoding = 4; lastKnownFileType = sourcecode.c.h; path = JSONKit.h; sourceTree = "<group>"; };
		A9E0650D14723A4B00DF2427 /* JSONKit.m */ = {isa = PBXFileReference; fileEncoding = 4; lastKnownFileType = sourcecode.c.objc; path = JSONKit.m; sourceTree = "<group>"; };
		A9E0650F14723A4B00DF2427 /* YAJLIOS.framework */ = {isa = PBXFileReference; lastKnownFileType = wrapper.framework; path = YAJLIOS.framework; sourceTree = "<group>"; };
		A9E0651214723A4B00DF2427 /* Base64Transcoder.c */ = {isa = PBXFileReference; fileEncoding = 4; lastKnownFileType = sourcecode.c.c; path = Base64Transcoder.c; sourceTree = "<group>"; };
		A9E0651314723A4B00DF2427 /* Base64Transcoder.h */ = {isa = PBXFileReference; fileEncoding = 4; lastKnownFileType = sourcecode.c.h; path = Base64Transcoder.h; sourceTree = "<group>"; };
		A9E0651414723A4B00DF2427 /* NSMutableURLRequest+Parameters.h */ = {isa = PBXFileReference; fileEncoding = 4; lastKnownFileType = sourcecode.c.h; path = "NSMutableURLRequest+Parameters.h"; sourceTree = "<group>"; };
		A9E0651514723A4B00DF2427 /* NSMutableURLRequest+Parameters.m */ = {isa = PBXFileReference; fileEncoding = 4; lastKnownFileType = sourcecode.c.objc; path = "NSMutableURLRequest+Parameters.m"; sourceTree = "<group>"; };
		A9E0651614723A4B00DF2427 /* NSString+URLEncoding.h */ = {isa = PBXFileReference; fileEncoding = 4; lastKnownFileType = sourcecode.c.h; path = "NSString+URLEncoding.h"; sourceTree = "<group>"; };
		A9E0651714723A4B00DF2427 /* NSString+URLEncoding.m */ = {isa = PBXFileReference; fileEncoding = 4; lastKnownFileType = sourcecode.c.objc; path = "NSString+URLEncoding.m"; sourceTree = "<group>"; };
		A9E0651814723A4B00DF2427 /* NSURL+Base.h */ = {isa = PBXFileReference; fileEncoding = 4; lastKnownFileType = sourcecode.c.h; path = "NSURL+Base.h"; sourceTree = "<group>"; };
		A9E0651914723A4B00DF2427 /* NSURL+Base.m */ = {isa = PBXFileReference; fileEncoding = 4; lastKnownFileType = sourcecode.c.objc; path = "NSURL+Base.m"; sourceTree = "<group>"; };
		A9E0651A14723A4B00DF2427 /* OAAsynchronousDataFetcher.h */ = {isa = PBXFileReference; fileEncoding = 4; lastKnownFileType = sourcecode.c.h; path = OAAsynchronousDataFetcher.h; sourceTree = "<group>"; };
		A9E0651B14723A4B00DF2427 /* OAAsynchronousDataFetcher.m */ = {isa = PBXFileReference; fileEncoding = 4; lastKnownFileType = sourcecode.c.objc; path = OAAsynchronousDataFetcher.m; sourceTree = "<group>"; };
		A9E0651C14723A4B00DF2427 /* OAConsumer.h */ = {isa = PBXFileReference; fileEncoding = 4; lastKnownFileType = sourcecode.c.h; path = OAConsumer.h; sourceTree = "<group>"; };
		A9E0651D14723A4B00DF2427 /* OAConsumer.m */ = {isa = PBXFileReference; fileEncoding = 4; lastKnownFileType = sourcecode.c.objc; path = OAConsumer.m; sourceTree = "<group>"; };
		A9E0651E14723A4B00DF2427 /* OADataFetcher.h */ = {isa = PBXFileReference; fileEncoding = 4; lastKnownFileType = sourcecode.c.h; path = OADataFetcher.h; sourceTree = "<group>"; };
		A9E0651F14723A4B00DF2427 /* OADataFetcher.m */ = {isa = PBXFileReference; fileEncoding = 4; lastKnownFileType = sourcecode.c.objc; path = OADataFetcher.m; sourceTree = "<group>"; };
		A9E0652014723A4B00DF2427 /* OAHMAC_SHA1SignatureProvider.h */ = {isa = PBXFileReference; fileEncoding = 4; lastKnownFileType = sourcecode.c.h; path = OAHMAC_SHA1SignatureProvider.h; sourceTree = "<group>"; };
		A9E0652114723A4B00DF2427 /* OAHMAC_SHA1SignatureProvider.m */ = {isa = PBXFileReference; fileEncoding = 4; lastKnownFileType = sourcecode.c.objc; path = OAHMAC_SHA1SignatureProvider.m; sourceTree = "<group>"; };
		A9E0652214723A4B00DF2427 /* OAMutableURLRequest.h */ = {isa = PBXFileReference; fileEncoding = 4; lastKnownFileType = sourcecode.c.h; path = OAMutableURLRequest.h; sourceTree = "<group>"; };
		A9E0652314723A4B00DF2427 /* OAMutableURLRequest.m */ = {isa = PBXFileReference; fileEncoding = 4; lastKnownFileType = sourcecode.c.objc; path = OAMutableURLRequest.m; sourceTree = "<group>"; };
		A9E0652414723A4B00DF2427 /* OAPlaintextSignatureProvider.h */ = {isa = PBXFileReference; fileEncoding = 4; lastKnownFileType = sourcecode.c.h; path = OAPlaintextSignatureProvider.h; sourceTree = "<group>"; };
		A9E0652514723A4B00DF2427 /* OAPlaintextSignatureProvider.m */ = {isa = PBXFileReference; fileEncoding = 4; lastKnownFileType = sourcecode.c.objc; path = OAPlaintextSignatureProvider.m; sourceTree = "<group>"; };
		A9E0652614723A4B00DF2427 /* OARequestParameter.h */ = {isa = PBXFileReference; fileEncoding = 4; lastKnownFileType = sourcecode.c.h; path = OARequestParameter.h; sourceTree = "<group>"; };
		A9E0652714723A4B00DF2427 /* OARequestParameter.m */ = {isa = PBXFileReference; fileEncoding = 4; lastKnownFileType = sourcecode.c.objc; path = OARequestParameter.m; sourceTree = "<group>"; };
		A9E0652814723A4B00DF2427 /* OAServiceTicket.h */ = {isa = PBXFileReference; fileEncoding = 4; lastKnownFileType = sourcecode.c.h; path = OAServiceTicket.h; sourceTree = "<group>"; };
		A9E0652914723A4B00DF2427 /* OAServiceTicket.m */ = {isa = PBXFileReference; fileEncoding = 4; lastKnownFileType = sourcecode.c.objc; path = OAServiceTicket.m; sourceTree = "<group>"; };
		A9E0652A14723A4B00DF2427 /* OASignatureProviding.h */ = {isa = PBXFileReference; fileEncoding = 4; lastKnownFileType = sourcecode.c.h; path = OASignatureProviding.h; sourceTree = "<group>"; };
		A9E0652B14723A4B00DF2427 /* OAToken.h */ = {isa = PBXFileReference; fileEncoding = 4; lastKnownFileType = sourcecode.c.h; path = OAToken.h; sourceTree = "<group>"; };
		A9E0652C14723A4B00DF2427 /* OAToken.m */ = {isa = PBXFileReference; fileEncoding = 4; lastKnownFileType = sourcecode.c.objc; path = OAToken.m; sourceTree = "<group>"; };
		A9E0652D14723A4B00DF2427 /* OAuthConsumer.h */ = {isa = PBXFileReference; fileEncoding = 4; lastKnownFileType = sourcecode.c.h; path = OAuthConsumer.h; sourceTree = "<group>"; };
		A9E0652F14723A4B00DF2427 /* Reachability.h */ = {isa = PBXFileReference; fileEncoding = 4; lastKnownFileType = sourcecode.c.h; path = Reachability.h; sourceTree = "<group>"; };
		A9E0653014723A4B00DF2427 /* Reachability.m */ = {isa = PBXFileReference; fileEncoding = 4; lastKnownFileType = sourcecode.c.objc; path = Reachability.m; sourceTree = "<group>"; };
		A9E0653114723A4B00DF2427 /* StackMob.h */ = {isa = PBXFileReference; fileEncoding = 4; lastKnownFileType = sourcecode.c.h; path = StackMob.h; sourceTree = "<group>"; };
		A9E0653214723A4B00DF2427 /* StackMob.m */ = {isa = PBXFileReference; fileEncoding = 4; lastKnownFileType = sourcecode.c.objc; path = StackMob.m; sourceTree = "<group>"; };
		A9E0653314723A4B00DF2427 /* StackMobAdditions.h */ = {isa = PBXFileReference; fileEncoding = 4; lastKnownFileType = sourcecode.c.h; path = StackMobAdditions.h; sourceTree = "<group>"; };
		A9E0653414723A4B00DF2427 /* StackMobAdditions.m */ = {isa = PBXFileReference; fileEncoding = 4; lastKnownFileType = sourcecode.c.objc; path = StackMobAdditions.m; sourceTree = "<group>"; };
		A9E0653514723A4B00DF2427 /* StackMobClientData.h */ = {isa = PBXFileReference; fileEncoding = 4; lastKnownFileType = sourcecode.c.h; path = StackMobClientData.h; sourceTree = "<group>"; };
		A9E0653614723A4B00DF2427 /* StackMobClientData.m */ = {isa = PBXFileReference; fileEncoding = 4; lastKnownFileType = sourcecode.c.objc; path = StackMobClientData.m; sourceTree = "<group>"; };
		A9E0653814723A4B00DF2427 /* StackMobHerokuRequest.h */ = {isa = PBXFileReference; fileEncoding = 4; lastKnownFileType = sourcecode.c.h; path = StackMobHerokuRequest.h; sourceTree = "<group>"; };
		A9E0653914723A4B00DF2427 /* StackMobHerokuRequest.m */ = {isa = PBXFileReference; fileEncoding = 4; lastKnownFileType = sourcecode.c.objc; path = StackMobHerokuRequest.m; sourceTree = "<group>"; };
		A9E0653A14723A4B00DF2427 /* StackMobPushRequest.h */ = {isa = PBXFileReference; fileEncoding = 4; lastKnownFileType = sourcecode.c.h; path = StackMobPushRequest.h; sourceTree = "<group>"; };
		A9E0653B14723A4B00DF2427 /* StackMobPushRequest.m */ = {isa = PBXFileReference; fileEncoding = 4; lastKnownFileType = sourcecode.c.objc; path = StackMobPushRequest.m; sourceTree = "<group>"; };
		A9E0653C14723A4B00DF2427 /* StackMobQuery.h */ = {isa = PBXFileReference; fileEncoding = 4; lastKnownFileType = sourcecode.c.h; path = StackMobQuery.h; sourceTree = "<group>"; };
		A9E0653D14723A4B00DF2427 /* StackMobQuery.m */ = {isa = PBXFileReference; fileEncoding = 4; lastKnownFileType = sourcecode.c.objc; path = StackMobQuery.m; sourceTree = "<group>"; };
		A9E0653E14723A4B00DF2427 /* StackMobRequest.h */ = {isa = PBXFileReference; fileEncoding = 4; lastKnownFileType = sourcecode.c.h; path = StackMobRequest.h; sourceTree = "<group>"; };
		A9E0653F14723A4B00DF2427 /* StackMobRequest.m */ = {isa = PBXFileReference; fileEncoding = 4; lastKnownFileType = sourcecode.c.objc; path = StackMobRequest.m; sourceTree = "<group>"; };
		A9E0654014723A4B00DF2427 /* StackMobSession.h */ = {isa = PBXFileReference; fileEncoding = 4; lastKnownFileType = sourcecode.c.h; path = StackMobSession.h; sourceTree = "<group>"; };
		A9E0654114723A4B00DF2427 /* StackMobSession.m */ = {isa = PBXFileReference; fileEncoding = 4; lastKnownFileType = sourcecode.c.objc; path = StackMobSession.m; sourceTree = "<group>"; };
		A9E0654214723A4B00DF2427 /* StackMobVersion.h */ = {isa = PBXFileReference; fileEncoding = 4; lastKnownFileType = sourcecode.c.h; path = StackMobVersion.h; sourceTree = "<group>"; };
		A9E0654414723A4B00DF2427 /* NSData+Base64.h */ = {isa = PBXFileReference; fileEncoding = 4; lastKnownFileType = sourcecode.c.h; path = "NSData+Base64.h"; sourceTree = "<group>"; };
		A9E0654514723A4B00DF2427 /* NSData+Base64.m */ = {isa = PBXFileReference; fileEncoding = 4; lastKnownFileType = sourcecode.c.objc; path = "NSData+Base64.m"; sourceTree = "<group>"; };
		A9E0654614723A4B00DF2427 /* NSData+JSON.h */ = {isa = PBXFileReference; fileEncoding = 4; lastKnownFileType = sourcecode.c.h; path = "NSData+JSON.h"; sourceTree = "<group>"; };
		A9E0654714723A4B00DF2427 /* NSData+JSON.m */ = {isa = PBXFileReference; fileEncoding = 4; lastKnownFileType = sourcecode.c.objc; path = "NSData+JSON.m"; sourceTree = "<group>"; };
		A9E0656214723AD400DF2427 /* StackMobConfiguration.h */ = {isa = PBXFileReference; fileEncoding = 4; lastKnownFileType = sourcecode.c.h; path = StackMobConfiguration.h; sourceTree = "<group>"; };
		A9EA54C7147225D600E0EC71 /* AtlantaIOSStackMob.app */ = {isa = PBXFileReference; explicitFileType = wrapper.application; includeInIndex = 0; path = AtlantaIOSStackMob.app; sourceTree = BUILT_PRODUCTS_DIR; };
		A9EA54CB147225D600E0EC71 /* UIKit.framework */ = {isa = PBXFileReference; lastKnownFileType = wrapper.framework; name = UIKit.framework; path = System/Library/Frameworks/UIKit.framework; sourceTree = SDKROOT; };
		A9EA54CD147225D700E0EC71 /* Foundation.framework */ = {isa = PBXFileReference; lastKnownFileType = wrapper.framework; name = Foundation.framework; path = System/Library/Frameworks/Foundation.framework; sourceTree = SDKROOT; };
		A9EA54CF147225D700E0EC71 /* CoreGraphics.framework */ = {isa = PBXFileReference; lastKnownFileType = wrapper.framework; name = CoreGraphics.framework; path = System/Library/Frameworks/CoreGraphics.framework; sourceTree = SDKROOT; };
		A9EA54D1147225D700E0EC71 /* CoreData.framework */ = {isa = PBXFileReference; lastKnownFileType = wrapper.framework; name = CoreData.framework; path = System/Library/Frameworks/CoreData.framework; sourceTree = SDKROOT; };
		A9EA54D5147225D700E0EC71 /* AtlantaIOSStackMob-Info.plist */ = {isa = PBXFileReference; lastKnownFileType = text.plist.xml; path = "AtlantaIOSStackMob-Info.plist"; sourceTree = "<group>"; };
		A9EA54D7147225D700E0EC71 /* en */ = {isa = PBXFileReference; lastKnownFileType = text.plist.strings; name = en; path = en.lproj/InfoPlist.strings; sourceTree = "<group>"; };
		A9EA54D9147225D700E0EC71 /* main.m */ = {isa = PBXFileReference; lastKnownFileType = sourcecode.c.objc; path = main.m; sourceTree = "<group>"; };
		A9EA54DB147225D700E0EC71 /* AtlantaIOSStackMob-Prefix.pch */ = {isa = PBXFileReference; lastKnownFileType = sourcecode.c.h; path = "AtlantaIOSStackMob-Prefix.pch"; sourceTree = "<group>"; };
		A9EA54DC147225D700E0EC71 /* LeVousAppDelegate.h */ = {isa = PBXFileReference; lastKnownFileType = sourcecode.c.h; path = LeVousAppDelegate.h; sourceTree = "<group>"; };
		A9EA54DD147225D700E0EC71 /* LeVousAppDelegate.m */ = {isa = PBXFileReference; lastKnownFileType = sourcecode.c.objc; path = LeVousAppDelegate.m; sourceTree = "<group>"; };
		A9EA54E0147225D700E0EC71 /* en */ = {isa = PBXFileReference; lastKnownFileType = file.storyboard; name = en; path = en.lproj/MainStoryboard_iPhone.storyboard; sourceTree = "<group>"; };
		A9EA54E3147225D700E0EC71 /* en */ = {isa = PBXFileReference; lastKnownFileType = file.storyboard; name = en; path = en.lproj/MainStoryboard_iPad.storyboard; sourceTree = "<group>"; };
		A9EA54E8147225D700E0EC71 /* LeVousMasterViewController.h */ = {isa = PBXFileReference; lastKnownFileType = sourcecode.c.h; path = LeVousMasterViewController.h; sourceTree = "<group>"; };
		A9EA54E9147225D700E0EC71 /* LeVousMasterViewController.m */ = {isa = PBXFileReference; lastKnownFileType = sourcecode.c.objc; path = LeVousMasterViewController.m; sourceTree = "<group>"; };
		A9EA54EB147225D700E0EC71 /* LeVousDetailViewController.h */ = {isa = PBXFileReference; lastKnownFileType = sourcecode.c.h; path = LeVousDetailViewController.h; sourceTree = "<group>"; };
		A9EA54EC147225D700E0EC71 /* LeVousDetailViewController.m */ = {isa = PBXFileReference; lastKnownFileType = sourcecode.c.objc; path = LeVousDetailViewController.m; sourceTree = "<group>"; };
		A9EA54F3147225D700E0EC71 /* AtlantaIOSStackMobTests.octest */ = {isa = PBXFileReference; explicitFileType = wrapper.cfbundle; includeInIndex = 0; path = AtlantaIOSStackMobTests.octest; sourceTree = BUILT_PRODUCTS_DIR; };
		A9EA54F4147225D700E0EC71 /* SenTestingKit.framework */ = {isa = PBXFileReference; lastKnownFileType = wrapper.framework; name = SenTestingKit.framework; path = Library/Frameworks/SenTestingKit.framework; sourceTree = DEVELOPER_DIR; };
		A9EA54FD147225D700E0EC71 /* AtlantaIOSStackMobTests-Info.plist */ = {isa = PBXFileReference; lastKnownFileType = text.plist.xml; path = "AtlantaIOSStackMobTests-Info.plist"; sourceTree = "<group>"; };
		A9EA54FF147225D700E0EC71 /* en */ = {isa = PBXFileReference; lastKnownFileType = text.plist.strings; name = en; path = en.lproj/InfoPlist.strings; sourceTree = "<group>"; };
		A9EA5501147225D700E0EC71 /* AtlantaIOSStackMobTests.h */ = {isa = PBXFileReference; lastKnownFileType = sourcecode.c.h; path = AtlantaIOSStackMobTests.h; sourceTree = "<group>"; };
		A9EA5502147225D700E0EC71 /* AtlantaIOSStackMobTests.m */ = {isa = PBXFileReference; lastKnownFileType = sourcecode.c.objc; path = AtlantaIOSStackMobTests.m; sourceTree = "<group>"; };
		A9EA550E14722F5900E0EC71 /* AtlantaIOSStackMob.xcdatamodel */ = {isa = PBXFileReference; lastKnownFileType = wrapper.xcdatamodel; path = AtlantaIOSStackMob.xcdatamodel; sourceTree = "<group>"; };
/* End PBXFileReference section */

/* Begin PBXFrameworksBuildPhase section */
		A991A945147245D600777841 /* Frameworks */ = {
			isa = PBXFrameworksBuildPhase;
			buildActionMask = 2147483647;
			files = (
				A991A94A147245D600777841 /* UIKit.framework in Frameworks */,
				A991A94B147245D600777841 /* Foundation.framework in Frameworks */,
				A991A94C147245D600777841 /* CoreGraphics.framework in Frameworks */,
				A991A95D1472473700777841 /* GHUnitIOS.framework in Frameworks */,
				A991A97C14724B4600777841 /* CFNetwork.framework in Frameworks */,
				A991A97D14724B4C00777841 /* CoreData.framework in Frameworks */,
				A991A97E14724B4C00777841 /* SenTestingKit.framework in Frameworks */,
				A991A97F14724B4C00777841 /* SystemConfiguration.framework in Frameworks */,
			);
			runOnlyForDeploymentPostprocessing = 0;
		};
		A9EA54C4147225D600E0EC71 /* Frameworks */ = {
			isa = PBXFrameworksBuildPhase;
			buildActionMask = 2147483647;
			files = (
				A9EA54CC147225D700E0EC71 /* UIKit.framework in Frameworks */,
				A9EA54CE147225D700E0EC71 /* Foundation.framework in Frameworks */,
				A9EA54D0147225D700E0EC71 /* CoreGraphics.framework in Frameworks */,
				A9EA54D2147225D700E0EC71 /* CoreData.framework in Frameworks */,
				A9E06505147239E700DF2427 /* CFNetwork.framework in Frameworks */,
				A9E06507147239EE00DF2427 /* SystemConfiguration.framework in Frameworks */,
				A9E0654914723A4B00DF2427 /* YAJLIOS.framework in Frameworks */,
			);
			runOnlyForDeploymentPostprocessing = 0;
		};
		A9EA54EF147225D700E0EC71 /* Frameworks */ = {
			isa = PBXFrameworksBuildPhase;
			buildActionMask = 2147483647;
			files = (
				A9EA54F5147225D700E0EC71 /* SenTestingKit.framework in Frameworks */,
				A9EA54F6147225D700E0EC71 /* UIKit.framework in Frameworks */,
				A9EA54F7147225D700E0EC71 /* Foundation.framework in Frameworks */,
				A9EA54F8147225D700E0EC71 /* CoreData.framework in Frameworks */,
				A9E06506147239E800DF2427 /* CFNetwork.framework in Frameworks */,
				A9E06508147239EE00DF2427 /* SystemConfiguration.framework in Frameworks */,
				A9E0656E14723C2000DF2427 /* YAJLIOS.framework in Frameworks */,
			);
			runOnlyForDeploymentPostprocessing = 0;
		};
/* End PBXFrameworksBuildPhase section */

/* Begin PBXGroup section */
		A991A93614723CFC00777841 /* WebServices */ = {
			isa = PBXGroup;
			children = (
				A991A93C14723D4F00777841 /* UserService.h */,
				A991A93D14723D4F00777841 /* UserService.m */,
				A991A94014723EB100777841 /* LevousStackMobService.h */,
				A991A94114723EB100777841 /* LevousStackMobService.m */,
				A96A05E5147446C700273427 /* SynchronizationCoordinator.h */,
				A96A05E6147446C700273427 /* SynchronizationCoordinator.m */,
			);
			path = WebServices;
			sourceTree = "<group>";
		};
		A991A94D147245D600777841 /* GHUnitTests */ = {
			isa = PBXGroup;
			children = (
				A991A95E1472488400777841 /* WebServices */,
				A991A94E147245D600777841 /* Supporting Files */,
				A96A05F4147465FE00273427 /* GHUnitAtlantaIOSAppDelegate.h */,
				A96A05F5147465FE00273427 /* GHUnitAtlantaIOSAppDelegate.m */,
			);
			path = GHUnitTests;
			sourceTree = "<group>";
		};
		A991A94E147245D600777841 /* Supporting Files */ = {
			isa = PBXGroup;
			children = (
				A991A94F147245D600777841 /* GHUnitTests-Info.plist */,
				A991A950147245D600777841 /* InfoPlist.strings */,
				A991A953147245D600777841 /* main.m */,
				A991A955147245D600777841 /* GHUnitTests-Prefix.pch */,
			);
			name = "Supporting Files";
			sourceTree = "<group>";
		};
		A991A95E1472488400777841 /* WebServices */ = {
			isa = PBXGroup;
			children = (
				A991A95F1472488400777841 /* UserServiceTests.h */,
				A991A9601472488400777841 /* UserServiceTests.m */,
				A96A05EA147446EB00273427 /* SynchronizationCoordinatorTests.h */,
				A96A05EB147446EB00273427 /* SynchronizationCoordinatorTests.m */,
			);
			path = WebServices;
			sourceTree = "<group>";
		};
		A9E0650914723A4B00DF2427 /* StackMob */ = {
			isa = PBXGroup;
			children = (
				A9E0650A14723A4B00DF2427 /* External */,
				A9E0653114723A4B00DF2427 /* StackMob.h */,
				A9E0653214723A4B00DF2427 /* StackMob.m */,
				A9E0653314723A4B00DF2427 /* StackMobAdditions.h */,
				A9E0653414723A4B00DF2427 /* StackMobAdditions.m */,
				A9E0653514723A4B00DF2427 /* StackMobClientData.h */,
				A9E0653614723A4B00DF2427 /* StackMobClientData.m */,
				A9E0653814723A4B00DF2427 /* StackMobHerokuRequest.h */,
				A9E0653914723A4B00DF2427 /* StackMobHerokuRequest.m */,
				A9E0653A14723A4B00DF2427 /* StackMobPushRequest.h */,
				A9E0653B14723A4B00DF2427 /* StackMobPushRequest.m */,
				A9E0653C14723A4B00DF2427 /* StackMobQuery.h */,
				A9E0653D14723A4B00DF2427 /* StackMobQuery.m */,
				A9E0653E14723A4B00DF2427 /* StackMobRequest.h */,
				A9E0653F14723A4B00DF2427 /* StackMobRequest.m */,
				A9E0654014723A4B00DF2427 /* StackMobSession.h */,
				A9E0654114723A4B00DF2427 /* StackMobSession.m */,
				A9E0654214723A4B00DF2427 /* StackMobVersion.h */,
				A9E0654314723A4B00DF2427 /* Utils */,
			);
			name = StackMob;
			path = Frameworks/StackMob/StackMob;
			sourceTree = "<group>";
		};
		A9E0650A14723A4B00DF2427 /* External */ = {
			isa = PBXGroup;
			children = (
				A9E0650B14723A4B00DF2427 /* JSONKit */,
				A9E0650E14723A4B00DF2427 /* libraries */,
				A9E0651014723A4B00DF2427 /* OAuthConsumer */,
				A9E0652E14723A4B00DF2427 /* reachability */,
			);
			path = External;
			sourceTree = "<group>";
		};
		A9E0650B14723A4B00DF2427 /* JSONKit */ = {
			isa = PBXGroup;
			children = (
				A9E0650C14723A4B00DF2427 /* JSONKit.h */,
				A9E0650D14723A4B00DF2427 /* JSONKit.m */,
			);
			path = JSONKit;
			sourceTree = "<group>";
		};
		A9E0650E14723A4B00DF2427 /* libraries */ = {
			isa = PBXGroup;
			children = (
				A9E0650F14723A4B00DF2427 /* YAJLIOS.framework */,
			);
			path = libraries;
			sourceTree = "<group>";
		};
		A9E0651014723A4B00DF2427 /* OAuthConsumer */ = {
			isa = PBXGroup;
			children = (
				A9E0651114723A4B00DF2427 /* Crypto */,
				A9E0651414723A4B00DF2427 /* NSMutableURLRequest+Parameters.h */,
				A9E0651514723A4B00DF2427 /* NSMutableURLRequest+Parameters.m */,
				A9E0651614723A4B00DF2427 /* NSString+URLEncoding.h */,
				A9E0651714723A4B00DF2427 /* NSString+URLEncoding.m */,
				A9E0651814723A4B00DF2427 /* NSURL+Base.h */,
				A9E0651914723A4B00DF2427 /* NSURL+Base.m */,
				A9E0651A14723A4B00DF2427 /* OAAsynchronousDataFetcher.h */,
				A9E0651B14723A4B00DF2427 /* OAAsynchronousDataFetcher.m */,
				A9E0651C14723A4B00DF2427 /* OAConsumer.h */,
				A9E0651D14723A4B00DF2427 /* OAConsumer.m */,
				A9E0651E14723A4B00DF2427 /* OADataFetcher.h */,
				A9E0651F14723A4B00DF2427 /* OADataFetcher.m */,
				A9E0652014723A4B00DF2427 /* OAHMAC_SHA1SignatureProvider.h */,
				A9E0652114723A4B00DF2427 /* OAHMAC_SHA1SignatureProvider.m */,
				A9E0652214723A4B00DF2427 /* OAMutableURLRequest.h */,
				A9E0652314723A4B00DF2427 /* OAMutableURLRequest.m */,
				A9E0652414723A4B00DF2427 /* OAPlaintextSignatureProvider.h */,
				A9E0652514723A4B00DF2427 /* OAPlaintextSignatureProvider.m */,
				A9E0652614723A4B00DF2427 /* OARequestParameter.h */,
				A9E0652714723A4B00DF2427 /* OARequestParameter.m */,
				A9E0652814723A4B00DF2427 /* OAServiceTicket.h */,
				A9E0652914723A4B00DF2427 /* OAServiceTicket.m */,
				A9E0652A14723A4B00DF2427 /* OASignatureProviding.h */,
				A9E0652B14723A4B00DF2427 /* OAToken.h */,
				A9E0652C14723A4B00DF2427 /* OAToken.m */,
				A9E0652D14723A4B00DF2427 /* OAuthConsumer.h */,
			);
			path = OAuthConsumer;
			sourceTree = "<group>";
		};
		A9E0651114723A4B00DF2427 /* Crypto */ = {
			isa = PBXGroup;
			children = (
				A9E0651214723A4B00DF2427 /* Base64Transcoder.c */,
				A9E0651314723A4B00DF2427 /* Base64Transcoder.h */,
			);
			path = Crypto;
			sourceTree = "<group>";
		};
		A9E0652E14723A4B00DF2427 /* reachability */ = {
			isa = PBXGroup;
			children = (
				A9E0652F14723A4B00DF2427 /* Reachability.h */,
				A9E0653014723A4B00DF2427 /* Reachability.m */,
			);
			path = reachability;
			sourceTree = "<group>";
		};
		A9E0654314723A4B00DF2427 /* Utils */ = {
			isa = PBXGroup;
			children = (
				A9E0654414723A4B00DF2427 /* NSData+Base64.h */,
				A9E0654514723A4B00DF2427 /* NSData+Base64.m */,
				A9E0654614723A4B00DF2427 /* NSData+JSON.h */,
				A9E0654714723A4B00DF2427 /* NSData+JSON.m */,
			);
			path = Utils;
			sourceTree = "<group>";
		};
		A9EA54BC147225D600E0EC71 = {
			isa = PBXGroup;
			children = (
				A9EA54D3147225D700E0EC71 /* AtlantaIOSStackMob */,
				A9EA54FB147225D700E0EC71 /* AtlantaIOSStackMobTests */,
				A991A94D147245D600777841 /* GHUnitTests */,
				A9EA54CA147225D600E0EC71 /* Frameworks */,
				A9EA54C8147225D600E0EC71 /* Products */,
			);
			sourceTree = "<group>";
		};
		A9EA54C8147225D600E0EC71 /* Products */ = {
			isa = PBXGroup;
			children = (
				A9EA54C7147225D600E0EC71 /* AtlantaIOSStackMob.app */,
				A9EA54F3147225D700E0EC71 /* AtlantaIOSStackMobTests.octest */,
				A991A948147245D600777841 /* GHUnitTests.app */,
			);
			name = Products;
			sourceTree = "<group>";
		};
		A9EA54CA147225D600E0EC71 /* Frameworks */ = {
			isa = PBXGroup;
			children = (
				A9E0650914723A4B00DF2427 /* StackMob */,
				A991A95C1472473700777841 /* GHUnitIOS.framework */,
				A9E065001472399000DF2427 /* CFNetwork.framework */,
				A9EA54D1147225D700E0EC71 /* CoreData.framework */,
				A9EA54CF147225D700E0EC71 /* CoreGraphics.framework */,
				A9EA54CD147225D700E0EC71 /* Foundation.framework */,
				A9EA54F4147225D700E0EC71 /* SenTestingKit.framework */,
				A9E065031472399700DF2427 /* SystemConfiguration.framework */,
				A9EA54CB147225D600E0EC71 /* UIKit.framework */,
			);
			name = Frameworks;
			sourceTree = "<group>";
		};
		A9EA54D3147225D700E0EC71 /* AtlantaIOSStackMob */ = {
			isa = PBXGroup;
			children = (
				A9EA550C14722F2100E0EC71 /* CoreData */,
				A991A93614723CFC00777841 /* WebServices */,
				A96A05E014733EB000273427 /* AddUserViewController.h */,
				A96A05E114733EB000273427 /* AddUserViewController.m */,
				A9EA54DC147225D700E0EC71 /* LeVousAppDelegate.h */,
				A9EA54DD147225D700E0EC71 /* LeVousAppDelegate.m */,
				A9EA54DF147225D700E0EC71 /* MainStoryboard_iPhone.storyboard */,
				A9EA54E2147225D700E0EC71 /* MainStoryboard_iPad.storyboard */,
				A9EA54E8147225D700E0EC71 /* LeVousMasterViewController.h */,
				A9EA54E9147225D700E0EC71 /* LeVousMasterViewController.m */,
				A9EA54EB147225D700E0EC71 /* LeVousDetailViewController.h */,
				A9EA54EC147225D700E0EC71 /* LeVousDetailViewController.m */,
				A9E0656214723AD400DF2427 /* StackMobConfiguration.h */,
				A9EA54D4147225D700E0EC71 /* Supporting Files */,
			);
			path = AtlantaIOSStackMob;
			sourceTree = "<group>";
		};
		A9EA54D4147225D700E0EC71 /* Supporting Files */ = {
			isa = PBXGroup;
			children = (
				A9EA54D5147225D700E0EC71 /* AtlantaIOSStackMob-Info.plist */,
				A9EA54D6147225D700E0EC71 /* InfoPlist.strings */,
				A9EA54D9147225D700E0EC71 /* main.m */,
				A9EA54DB147225D700E0EC71 /* AtlantaIOSStackMob-Prefix.pch */,
			);
			name = "Supporting Files";
			sourceTree = "<group>";
		};
		A9EA54FB147225D700E0EC71 /* AtlantaIOSStackMobTests */ = {
			isa = PBXGroup;
			children = (
				A9EA5501147225D700E0EC71 /* AtlantaIOSStackMobTests.h */,
				A9EA5502147225D700E0EC71 /* AtlantaIOSStackMobTests.m */,
				A9EA54FC147225D700E0EC71 /* Supporting Files */,
			);
			path = AtlantaIOSStackMobTests;
			sourceTree = "<group>";
		};
		A9EA54FC147225D700E0EC71 /* Supporting Files */ = {
			isa = PBXGroup;
			children = (
				A9EA54FD147225D700E0EC71 /* AtlantaIOSStackMobTests-Info.plist */,
				A9EA54FE147225D700E0EC71 /* InfoPlist.strings */,
			);
			name = "Supporting Files";
			sourceTree = "<group>";
		};
		A9EA550C14722F2100E0EC71 /* CoreData */ = {
			isa = PBXGroup;
			children = (
				A9EA550D14722F5900E0EC71 /* AtlantaIOSStackMob.xcdatamodeld */,
				A96A05EF1474650800273427 /* CoreDataManager.h */,
				A96A05F01474650800273427 /* CoreDataManager.m */,
			);
			path = CoreData;
			sourceTree = "<group>";
		};
/* End PBXGroup section */

/* Begin PBXNativeTarget section */
		A991A947147245D600777841 /* GHUnitTests */ = {
			isa = PBXNativeTarget;
			buildConfigurationList = A991A959147245D600777841 /* Build configuration list for PBXNativeTarget "GHUnitTests" */;
			buildPhases = (
				A991A944147245D600777841 /* Sources */,
				A991A945147245D600777841 /* Frameworks */,
				A991A946147245D600777841 /* Resources */,
			);
			buildRules = (
			);
			dependencies = (
			);
			name = GHUnitTests;
			productName = GHUnitTests;
			productReference = A991A948147245D600777841 /* GHUnitTests.app */;
			productType = "com.apple.product-type.application";
		};
		A9EA54C6147225D600E0EC71 /* AtlantaIOSStackMob */ = {
			isa = PBXNativeTarget;
			buildConfigurationList = A9EA5506147225D700E0EC71 /* Build configuration list for PBXNativeTarget "AtlantaIOSStackMob" */;
			buildPhases = (
				A9EA54C3147225D600E0EC71 /* Sources */,
				A9EA54C4147225D600E0EC71 /* Frameworks */,
				A9EA54C5147225D600E0EC71 /* Resources */,
			);
			buildRules = (
			);
			dependencies = (
			);
			name = AtlantaIOSStackMob;
			productName = AtlantaIOSStackMob;
			productReference = A9EA54C7147225D600E0EC71 /* AtlantaIOSStackMob.app */;
			productType = "com.apple.product-type.application";
		};
		A9EA54F2147225D700E0EC71 /* AtlantaIOSStackMobTests */ = {
			isa = PBXNativeTarget;
			buildConfigurationList = A9EA5509147225D700E0EC71 /* Build configuration list for PBXNativeTarget "AtlantaIOSStackMobTests" */;
			buildPhases = (
				A9EA54EE147225D700E0EC71 /* Sources */,
				A9EA54EF147225D700E0EC71 /* Frameworks */,
				A9EA54F0147225D700E0EC71 /* Resources */,
				A9EA54F1147225D700E0EC71 /* ShellScript */,
			);
			buildRules = (
			);
			dependencies = (
				A9EA54FA147225D700E0EC71 /* PBXTargetDependency */,
			);
			name = AtlantaIOSStackMobTests;
			productName = AtlantaIOSStackMobTests;
			productReference = A9EA54F3147225D700E0EC71 /* AtlantaIOSStackMobTests.octest */;
			productType = "com.apple.product-type.bundle";
		};
/* End PBXNativeTarget section */

/* Begin PBXProject section */
		A9EA54BE147225D600E0EC71 /* Project object */ = {
			isa = PBXProject;
			attributes = {
				LastUpgradeCheck = 0420;
				ORGANIZATIONNAME = "LeVous, LLC";
			};
			buildConfigurationList = A9EA54C1147225D600E0EC71 /* Build configuration list for PBXProject "AtlantaIOSStackMob" */;
			compatibilityVersion = "Xcode 3.2";
			developmentRegion = English;
			hasScannedForEncodings = 0;
			knownRegions = (
				en,
			);
			mainGroup = A9EA54BC147225D600E0EC71;
			productRefGroup = A9EA54C8147225D600E0EC71 /* Products */;
			projectDirPath = "";
			projectRoot = "";
			targets = (
				A9EA54C6147225D600E0EC71 /* AtlantaIOSStackMob */,
				A9EA54F2147225D700E0EC71 /* AtlantaIOSStackMobTests */,
				A991A947147245D600777841 /* GHUnitTests */,
			);
		};
/* End PBXProject section */

/* Begin PBXResourcesBuildPhase section */
		A991A946147245D600777841 /* Resources */ = {
			isa = PBXResourcesBuildPhase;
			buildActionMask = 2147483647;
			files = (
				A991A952147245D600777841 /* InfoPlist.strings in Resources */,
			);
			runOnlyForDeploymentPostprocessing = 0;
		};
		A9EA54C5147225D600E0EC71 /* Resources */ = {
			isa = PBXResourcesBuildPhase;
			buildActionMask = 2147483647;
			files = (
				A9EA54D8147225D700E0EC71 /* InfoPlist.strings in Resources */,
				A9EA54E1147225D700E0EC71 /* MainStoryboard_iPhone.storyboard in Resources */,
				A9EA54E4147225D700E0EC71 /* MainStoryboard_iPad.storyboard in Resources */,
			);
			runOnlyForDeploymentPostprocessing = 0;
		};
		A9EA54F0147225D700E0EC71 /* Resources */ = {
			isa = PBXResourcesBuildPhase;
			buildActionMask = 2147483647;
			files = (
				A9EA5500147225D700E0EC71 /* InfoPlist.strings in Resources */,
			);
			runOnlyForDeploymentPostprocessing = 0;
		};
/* End PBXResourcesBuildPhase section */

/* Begin PBXShellScriptBuildPhase section */
		A9EA54F1147225D700E0EC71 /* ShellScript */ = {
			isa = PBXShellScriptBuildPhase;
			buildActionMask = 2147483647;
			files = (
			);
			inputPaths = (
			);
			outputPaths = (
			);
			runOnlyForDeploymentPostprocessing = 0;
			shellPath = /bin/sh;
			shellScript = "# Run the unit tests in this test bundle.\n\"${SYSTEM_DEVELOPER_DIR}/Tools/RunUnitTests\"\n";
		};
/* End PBXShellScriptBuildPhase section */

/* Begin PBXSourcesBuildPhase section */
		A991A944147245D600777841 /* Sources */ = {
			isa = PBXSourcesBuildPhase;
			buildActionMask = 2147483647;
			files = (
				A991A96214724B1700777841 /* UserService.m in Sources */,
				A991A96314724B1700777841 /* LevousStackMobService.m in Sources */,
				A991A96414724B1700777841 /* JSONKit.m in Sources */,
				A991A96514724B1700777841 /* NSMutableURLRequest+Parameters.m in Sources */,
				A991A96614724B1700777841 /* NSString+URLEncoding.m in Sources */,
				A991A96714724B1700777841 /* NSURL+Base.m in Sources */,
				A991A96814724B1700777841 /* OAAsynchronousDataFetcher.m in Sources */,
				A991A96914724B1700777841 /* OAConsumer.m in Sources */,
				A991A96A14724B1700777841 /* OADataFetcher.m in Sources */,
				A991A96B14724B1700777841 /* OAHMAC_SHA1SignatureProvider.m in Sources */,
				A991A96C14724B1700777841 /* OAMutableURLRequest.m in Sources */,
				A991A96D14724B1700777841 /* OAPlaintextSignatureProvider.m in Sources */,
				A991A96E14724B1700777841 /* OARequestParameter.m in Sources */,
				A991A96F14724B1700777841 /* OAServiceTicket.m in Sources */,
				A991A97014724B1700777841 /* OAToken.m in Sources */,
				A991A97114724B1700777841 /* Reachability.m in Sources */,
				A991A97214724B1700777841 /* StackMob.m in Sources */,
				A991A97314724B1700777841 /* StackMobAdditions.m in Sources */,
				A991A97414724B1700777841 /* StackMobClientData.m in Sources */,
				A991A97514724B1700777841 /* StackMobHerokuRequest.m in Sources */,
				A991A97614724B1700777841 /* StackMobPushRequest.m in Sources */,
				A991A97714724B1700777841 /* StackMobQuery.m in Sources */,
				A991A97814724B1700777841 /* StackMobRequest.m in Sources */,
				A991A97914724B1700777841 /* StackMobSession.m in Sources */,
				A991A97A14724B1700777841 /* NSData+Base64.m in Sources */,
				A991A97B14724B1700777841 /* NSData+JSON.m in Sources */,
				A991A954147245D600777841 /* main.m in Sources */,
				A991A9611472488400777841 /* UserServiceTests.m in Sources */,
				A991A98014724C1100777841 /* Base64Transcoder.c in Sources */,
				A96A05E314733EB000273427 /* AddUserViewController.m in Sources */,
				A96A05E9147446C700273427 /* SynchronizationCoordinator.m in Sources */,
				A96A05EE147446EB00273427 /* SynchronizationCoordinatorTests.m in Sources */,
				A96A05F31474650800273427 /* CoreDataManager.m in Sources */,
				A96A05F6147465FE00273427 /* GHUnitAtlantaIOSAppDelegate.m in Sources */,
				A96A05F7147469FA00273427 /* AtlantaIOSStackMob.xcdatamodeld in Sources */,
			);
			runOnlyForDeploymentPostprocessing = 0;
		};
		A9EA54C3147225D600E0EC71 /* Sources */ = {
			isa = PBXSourcesBuildPhase;
			buildActionMask = 2147483647;
			files = (
				A9EA54DA147225D700E0EC71 /* main.m in Sources */,
				A9EA54DE147225D700E0EC71 /* LeVousAppDelegate.m in Sources */,
				A9EA54EA147225D700E0EC71 /* LeVousMasterViewController.m in Sources */,
				A9EA54ED147225D700E0EC71 /* LeVousDetailViewController.m in Sources */,
				A9EA550F14722F5900E0EC71 /* AtlantaIOSStackMob.xcdatamodeld in Sources */,
				A9E0654814723A4B00DF2427 /* JSONKit.m in Sources */,
				A9E0654A14723A4B00DF2427 /* Base64Transcoder.c in Sources */,
				A9E0654B14723A4B00DF2427 /* NSMutableURLRequest+Parameters.m in Sources */,
				A9E0654C14723A4B00DF2427 /* NSString+URLEncoding.m in Sources */,
				A9E0654D14723A4B00DF2427 /* NSURL+Base.m in Sources */,
				A9E0654E14723A4B00DF2427 /* OAAsynchronousDataFetcher.m in Sources */,
				A9E0654F14723A4B00DF2427 /* OAConsumer.m in Sources */,
				A9E0655014723A4B00DF2427 /* OADataFetcher.m in Sources */,
				A9E0655114723A4B00DF2427 /* OAHMAC_SHA1SignatureProvider.m in Sources */,
				A9E0655214723A4B00DF2427 /* OAMutableURLRequest.m in Sources */,
				A9E0655314723A4B00DF2427 /* OAPlaintextSignatureProvider.m in Sources */,
				A9E0655414723A4B00DF2427 /* OARequestParameter.m in Sources */,
				A9E0655514723A4B00DF2427 /* OAServiceTicket.m in Sources */,
				A9E0655614723A4B00DF2427 /* OAToken.m in Sources */,
				A9E0655714723A4B00DF2427 /* Reachability.m in Sources */,
				A9E0655814723A4B00DF2427 /* StackMob.m in Sources */,
				A9E0655914723A4B00DF2427 /* StackMobAdditions.m in Sources */,
				A9E0655A14723A4B00DF2427 /* StackMobClientData.m in Sources */,
				A9E0655B14723A4B00DF2427 /* StackMobHerokuRequest.m in Sources */,
				A9E0655C14723A4B00DF2427 /* StackMobPushRequest.m in Sources */,
				A9E0655D14723A4B00DF2427 /* StackMobQuery.m in Sources */,
				A9E0655E14723A4B00DF2427 /* StackMobRequest.m in Sources */,
				A9E0655F14723A4B00DF2427 /* StackMobSession.m in Sources */,
				A9E0656014723A4B00DF2427 /* NSData+Base64.m in Sources */,
				A9E0656114723A4B00DF2427 /* NSData+JSON.m in Sources */,
				A991A93E14723D4F00777841 /* UserService.m in Sources */,
				A991A94214723EB100777841 /* LevousStackMobService.m in Sources */,
				A96A05E214733EB000273427 /* AddUserViewController.m in Sources */,
				A96A05E7147446C700273427 /* SynchronizationCoordinator.m in Sources */,
				A96A05F11474650800273427 /* CoreDataManager.m in Sources */,
			);
			runOnlyForDeploymentPostprocessing = 0;
		};
		A9EA54EE147225D700E0EC71 /* Sources */ = {
			isa = PBXSourcesBuildPhase;
			buildActionMask = 2147483647;
			files = (
				A9E0656F14723C4100DF2427 /* NSMutableURLRequest+Parameters.m in Sources */,
				A9E0657014723C4100DF2427 /* NSString+URLEncoding.m in Sources */,
				A9E0657114723C4100DF2427 /* NSURL+Base.m in Sources */,
				A9E0657214723C4100DF2427 /* OAAsynchronousDataFetcher.m in Sources */,
				A9E0657314723C4100DF2427 /* OAConsumer.m in Sources */,
				A9E0657414723C4100DF2427 /* OADataFetcher.m in Sources */,
				A9E0657514723C4100DF2427 /* OAHMAC_SHA1SignatureProvider.m in Sources */,
				A9E0657614723C4100DF2427 /* OAMutableURLRequest.m in Sources */,
				A9E0657714723C4100DF2427 /* OAPlaintextSignatureProvider.m in Sources */,
				A9E0657814723C4100DF2427 /* OARequestParameter.m in Sources */,
				A9E0657914723C4100DF2427 /* OAServiceTicket.m in Sources */,
				A9E0657A14723C4100DF2427 /* OAToken.m in Sources */,
				A9E0657B14723C4100DF2427 /* Reachability.m in Sources */,
				A9EA5503147225D700E0EC71 /* AtlantaIOSStackMobTests.m in Sources */,
				A9E0656314723C1700DF2427 /* JSONKit.m in Sources */,
				A9E0656414723C1700DF2427 /* StackMob.m in Sources */,
				A9E0656514723C1700DF2427 /* StackMobAdditions.m in Sources */,
				A9E0656614723C1700DF2427 /* StackMobClientData.m in Sources */,
				A9E0656714723C1700DF2427 /* StackMobHerokuRequest.m in Sources */,
				A9E0656814723C1700DF2427 /* StackMobPushRequest.m in Sources */,
				A9E0656914723C1700DF2427 /* StackMobQuery.m in Sources */,
				A9E0656A14723C1700DF2427 /* StackMobRequest.m in Sources */,
				A9E0656B14723C1700DF2427 /* StackMobSession.m in Sources */,
				A9E0656C14723C1700DF2427 /* NSData+Base64.m in Sources */,
				A9E0656D14723C1700DF2427 /* NSData+JSON.m in Sources */,
				A991A93F14723D4F00777841 /* UserService.m in Sources */,
				A991A94314723EB100777841 /* LevousStackMobService.m in Sources */,
				A96A05E8147446C700273427 /* SynchronizationCoordinator.m in Sources */,
				A96A05F21474650800273427 /* CoreDataManager.m in Sources */,
				A96A05F8147469FA00273427 /* AtlantaIOSStackMob.xcdatamodeld in Sources */,
			);
			runOnlyForDeploymentPostprocessing = 0;
		};
/* End PBXSourcesBuildPhase section */

/* Begin PBXTargetDependency section */
		A9EA54FA147225D700E0EC71 /* PBXTargetDependency */ = {
			isa = PBXTargetDependency;
			target = A9EA54C6147225D600E0EC71 /* AtlantaIOSStackMob */;
			targetProxy = A9EA54F9147225D700E0EC71 /* PBXContainerItemProxy */;
		};
/* End PBXTargetDependency section */

/* Begin PBXVariantGroup section */
		A991A950147245D600777841 /* InfoPlist.strings */ = {
			isa = PBXVariantGroup;
			children = (
				A991A951147245D600777841 /* en */,
			);
			name = InfoPlist.strings;
			sourceTree = "<group>";
		};
		A9EA54D6147225D700E0EC71 /* InfoPlist.strings */ = {
			isa = PBXVariantGroup;
			children = (
				A9EA54D7147225D700E0EC71 /* en */,
			);
			name = InfoPlist.strings;
			sourceTree = "<group>";
		};
		A9EA54DF147225D700E0EC71 /* MainStoryboard_iPhone.storyboard */ = {
			isa = PBXVariantGroup;
			children = (
				A9EA54E0147225D700E0EC71 /* en */,
			);
			name = MainStoryboard_iPhone.storyboard;
			sourceTree = "<group>";
		};
		A9EA54E2147225D700E0EC71 /* MainStoryboard_iPad.storyboard */ = {
			isa = PBXVariantGroup;
			children = (
				A9EA54E3147225D700E0EC71 /* en */,
			);
			name = MainStoryboard_iPad.storyboard;
			sourceTree = "<group>";
		};
		A9EA54FE147225D700E0EC71 /* InfoPlist.strings */ = {
			isa = PBXVariantGroup;
			children = (
				A9EA54FF147225D700E0EC71 /* en */,
			);
			name = InfoPlist.strings;
			sourceTree = "<group>";
		};
/* End PBXVariantGroup section */

/* Begin XCBuildConfiguration section */
		A991A95A147245D600777841 /* Debug */ = {
			isa = XCBuildConfiguration;
			buildSettings = {
				"CODE_SIGN_IDENTITY[sdk=iphoneos*]" = "iPhone Developer";
				FRAMEWORK_SEARCH_PATHS = (
					"$(inherited)",
					"\"$(SRCROOT)/Frameworks\"",
					"\"$(DEVELOPER_FRAMEWORKS_DIR)\"",
				);
				GCC_PRECOMPILE_PREFIX_HEADER = YES;
				GCC_PREFIX_HEADER = "GHUnitTests/GHUnitTests-Prefix.pch";
				INFOPLIST_FILE = "GHUnitTests/GHUnitTests-Info.plist";
				PRODUCT_NAME = "$(TARGET_NAME)";
				WRAPPER_EXTENSION = app;
			};
			name = Debug;
		};
		A991A95B147245D600777841 /* Release */ = {
			isa = XCBuildConfiguration;
			buildSettings = {
				"CODE_SIGN_IDENTITY[sdk=iphoneos*]" = "iPhone Developer";
				FRAMEWORK_SEARCH_PATHS = (
					"$(inherited)",
					"\"$(SRCROOT)/Frameworks\"",
					"\"$(DEVELOPER_FRAMEWORKS_DIR)\"",
				);
				GCC_PRECOMPILE_PREFIX_HEADER = YES;
				GCC_PREFIX_HEADER = "GHUnitTests/GHUnitTests-Prefix.pch";
				INFOPLIST_FILE = "GHUnitTests/GHUnitTests-Info.plist";
				PRODUCT_NAME = "$(TARGET_NAME)";
				WRAPPER_EXTENSION = app;
			};
			name = Release;
		};
		A9EA5504147225D700E0EC71 /* Debug */ = {
			isa = XCBuildConfiguration;
			buildSettings = {
				ALWAYS_SEARCH_USER_PATHS = NO;
				ARCHS = "$(ARCHS_STANDARD_32_BIT)";
				"CODE_SIGN_IDENTITY[sdk=iphoneos*]" = "iPhone Developer";
				COPY_PHASE_STRIP = NO;
				GCC_C_LANGUAGE_STANDARD = gnu99;
				GCC_DYNAMIC_NO_PIC = NO;
				GCC_OPTIMIZATION_LEVEL = 0;
				GCC_PREPROCESSOR_DEFINITIONS = (
					"DEBUG=1",
					"$(inherited)",
				);
				GCC_SYMBOLS_PRIVATE_EXTERN = NO;
				GCC_VERSION = com.apple.compilers.llvm.clang.1_0;
				GCC_WARN_ABOUT_MISSING_PROTOTYPES = YES;
				GCC_WARN_ABOUT_RETURN_TYPE = YES;
				GCC_WARN_UNUSED_VARIABLE = YES;
				IPHONEOS_DEPLOYMENT_TARGET = 5.0;
				OTHER_LDFLAGS = (
					"-ObjC",
					"-all_load",
				);
				SDKROOT = iphoneos;
				TARGETED_DEVICE_FAMILY = "1,2";
			};
			name = Debug;
		};
		A9EA5505147225D700E0EC71 /* Release */ = {
			isa = XCBuildConfiguration;
			buildSettings = {
				ALWAYS_SEARCH_USER_PATHS = NO;
				ARCHS = "$(ARCHS_STANDARD_32_BIT)";
				"CODE_SIGN_IDENTITY[sdk=iphoneos*]" = "iPhone Developer";
				COPY_PHASE_STRIP = YES;
				GCC_C_LANGUAGE_STANDARD = gnu99;
				GCC_VERSION = com.apple.compilers.llvm.clang.1_0;
				GCC_WARN_ABOUT_MISSING_PROTOTYPES = YES;
				GCC_WARN_ABOUT_RETURN_TYPE = YES;
				GCC_WARN_UNUSED_VARIABLE = YES;
				IPHONEOS_DEPLOYMENT_TARGET = 5.0;
				OTHER_CFLAGS = "-DNS_BLOCK_ASSERTIONS=1";
				OTHER_LDFLAGS = (
					"-ObjC",
					"-all_load",
				);
				SDKROOT = iphoneos;
				TARGETED_DEVICE_FAMILY = "1,2";
				VALIDATE_PRODUCT = YES;
			};
			name = Release;
		};
		A9EA5507147225D700E0EC71 /* Debug */ = {
			isa = XCBuildConfiguration;
			buildSettings = {
				FRAMEWORK_SEARCH_PATHS = (
					"$(inherited)",
					"\"$(SRCROOT)/Frameworks/StackMob/StackMob/External/libraries\"",
				);
				GCC_PRECOMPILE_PREFIX_HEADER = YES;
				GCC_PREFIX_HEADER = "AtlantaIOSStackMob/AtlantaIOSStackMob-Prefix.pch";
				INFOPLIST_FILE = "AtlantaIOSStackMob/AtlantaIOSStackMob-Info.plist";
				PRODUCT_NAME = "$(TARGET_NAME)";
				WRAPPER_EXTENSION = app;
			};
			name = Debug;
		};
		A9EA5508147225D700E0EC71 /* Release */ = {
			isa = XCBuildConfiguration;
			buildSettings = {
				FRAMEWORK_SEARCH_PATHS = (
					"$(inherited)",
					"\"$(SRCROOT)/Frameworks/StackMob/StackMob/External/libraries\"",
				);
				GCC_PRECOMPILE_PREFIX_HEADER = YES;
				GCC_PREFIX_HEADER = "AtlantaIOSStackMob/AtlantaIOSStackMob-Prefix.pch";
				INFOPLIST_FILE = "AtlantaIOSStackMob/AtlantaIOSStackMob-Info.plist";
				PRODUCT_NAME = "$(TARGET_NAME)";
				WRAPPER_EXTENSION = app;
			};
			name = Release;
		};
		A9EA550A147225D700E0EC71 /* Debug */ = {
			isa = XCBuildConfiguration;
			buildSettings = {
				BUNDLE_LOADER = "$(BUILT_PRODUCTS_DIR)/AtlantaIOSStackMob.app/AtlantaIOSStackMob";
				FRAMEWORK_SEARCH_PATHS = (
					"$(SDKROOT)/Developer/Library/Frameworks",
					"$(DEVELOPER_LIBRARY_DIR)/Frameworks",
					"\"$(SRCROOT)/Frameworks/StackMob/StackMob/External/libraries\"",
				);
				GCC_PRECOMPILE_PREFIX_HEADER = YES;
				GCC_PREFIX_HEADER = "AtlantaIOSStackMob/AtlantaIOSStackMob-Prefix.pch";
				INFOPLIST_FILE = "AtlantaIOSStackMobTests/AtlantaIOSStackMobTests-Info.plist";
				PRODUCT_NAME = "$(TARGET_NAME)";
				TEST_HOST = "$(BUNDLE_LOADER)";
				WRAPPER_EXTENSION = octest;
			};
			name = Debug;
		};
		A9EA550B147225D700E0EC71 /* Release */ = {
			isa = XCBuildConfiguration;
			buildSettings = {
				BUNDLE_LOADER = "$(BUILT_PRODUCTS_DIR)/AtlantaIOSStackMob.app/AtlantaIOSStackMob";
				FRAMEWORK_SEARCH_PATHS = (
					"$(SDKROOT)/Developer/Library/Frameworks",
					"$(DEVELOPER_LIBRARY_DIR)/Frameworks",
					"\"$(SRCROOT)/Frameworks/StackMob/StackMob/External/libraries\"",
				);
				GCC_PRECOMPILE_PREFIX_HEADER = YES;
				GCC_PREFIX_HEADER = "AtlantaIOSStackMob/AtlantaIOSStackMob-Prefix.pch";
				INFOPLIST_FILE = "AtlantaIOSStackMobTests/AtlantaIOSStackMobTests-Info.plist";
				PRODUCT_NAME = "$(TARGET_NAME)";
				TEST_HOST = "$(BUNDLE_LOADER)";
				WRAPPER_EXTENSION = octest;
			};
			name = Release;
		};
/* End XCBuildConfiguration section */

/* Begin XCConfigurationList section */
		A991A959147245D600777841 /* Build configuration list for PBXNativeTarget "GHUnitTests" */ = {
			isa = XCConfigurationList;
			buildConfigurations = (
				A991A95A147245D600777841 /* Debug */,
				A991A95B147245D600777841 /* Release */,
			);
			defaultConfigurationIsVisible = 0;
			defaultConfigurationName = Release;
		};
		A9EA54C1147225D600E0EC71 /* Build configuration list for PBXProject "AtlantaIOSStackMob" */ = {
			isa = XCConfigurationList;
			buildConfigurations = (
				A9EA5504147225D700E0EC71 /* Debug */,
				A9EA5505147225D700E0EC71 /* Release */,
			);
			defaultConfigurationIsVisible = 0;
			defaultConfigurationName = Release;
		};
		A9EA5506147225D700E0EC71 /* Build configuration list for PBXNativeTarget "AtlantaIOSStackMob" */ = {
			isa = XCConfigurationList;
			buildConfigurations = (
				A9EA5507147225D700E0EC71 /* Debug */,
				A9EA5508147225D700E0EC71 /* Release */,
			);
			defaultConfigurationIsVisible = 0;
			defaultConfigurationName = Release;
		};
		A9EA5509147225D700E0EC71 /* Build configuration list for PBXNativeTarget "AtlantaIOSStackMobTests" */ = {
			isa = XCConfigurationList;
			buildConfigurations = (
				A9EA550A147225D700E0EC71 /* Debug */,
				A9EA550B147225D700E0EC71 /* Release */,
			);
			defaultConfigurationIsVisible = 0;
			defaultConfigurationName = Release;
		};
/* End XCConfigurationList section */

/* Begin XCVersionGroup section */
		A9EA550D14722F5900E0EC71 /* AtlantaIOSStackMob.xcdatamodeld */ = {
			isa = XCVersionGroup;
			children = (
				A9EA550E14722F5900E0EC71 /* AtlantaIOSStackMob.xcdatamodel */,
			);
			currentVersion = A9EA550E14722F5900E0EC71 /* AtlantaIOSStackMob.xcdatamodel */;
			path = AtlantaIOSStackMob.xcdatamodeld;
			sourceTree = "<group>";
			versionGroupType = wrapper.xcdatamodel;
		};
/* End XCVersionGroup section */
	};
	rootObject = A9EA54BE147225D600E0EC71 /* Project object */;
}
