// !$*UTF8*$!
{
	archiveVersion = 1;
	classes = {
	};
	objectVersion = 46;
	objects = {

/* Begin PBXBuildFile section */
		A95BE4E4135E3A5200D1A4A2 /* UIKit.framework in Frameworks */ = {isa = PBXBuildFile; fileRef = A95BE4E3135E3A5200D1A4A2 /* UIKit.framework */; };
		A95BE4E6135E3A5200D1A4A2 /* Foundation.framework in Frameworks */ = {isa = PBXBuildFile; fileRef = A95BE4E5135E3A5200D1A4A2 /* Foundation.framework */; };
		A95BE4E8135E3A5200D1A4A2 /* CoreGraphics.framework in Frameworks */ = {isa = PBXBuildFile; fileRef = A95BE4E7135E3A5200D1A4A2 /* CoreGraphics.framework */; };
		A95BE4EA135E3A5200D1A4A2 /* CoreData.framework in Frameworks */ = {isa = PBXBuildFile; fileRef = A95BE4E9135E3A5200D1A4A2 /* CoreData.framework */; };
		A95BE4F0135E3A5200D1A4A2 /* InfoPlist.strings in Resources */ = {isa = PBXBuildFile; fileRef = A95BE4EE135E3A5200D1A4A2 /* InfoPlist.strings */; };
		A95BE4F3135E3A5200D1A4A2 /* main.m in Sources */ = {isa = PBXBuildFile; fileRef = A95BE4F2135E3A5200D1A4A2 /* main.m */; };
		A95BE4F6135E3A5200D1A4A2 /* MultiThreadingAppDelegate.m in Sources */ = {isa = PBXBuildFile; fileRef = A95BE4F5135E3A5200D1A4A2 /* MultiThreadingAppDelegate.m */; };
		A95BE4F9135E3A5200D1A4A2 /* MultiThreading.xcdatamodeld in Sources */ = {isa = PBXBuildFile; fileRef = A95BE4F7135E3A5200D1A4A2 /* MultiThreading.xcdatamodeld */; };
		A95BE4FC135E3A5300D1A4A2 /* MainWindow.xib in Resources */ = {isa = PBXBuildFile; fileRef = A95BE4FA135E3A5200D1A4A2 /* MainWindow.xib */; };
		A95BE4FF135E3A5300D1A4A2 /* RootViewController.m in Sources */ = {isa = PBXBuildFile; fileRef = A95BE4FE135E3A5300D1A4A2 /* RootViewController.m */; };
		A95BE502135E3A5300D1A4A2 /* RootViewController.xib in Resources */ = {isa = PBXBuildFile; fileRef = A95BE500135E3A5300D1A4A2 /* RootViewController.xib */; };
		A95BE515135E3A8400D1A4A2 /* MultiThreadingAppDelegate.m in Sources */ = {isa = PBXBuildFile; fileRef = A95BE50A135E3A8400D1A4A2 /* MultiThreadingAppDelegate.m */; };
		A95BE516135E3A8400D1A4A2 /* RootViewController.m in Sources */ = {isa = PBXBuildFile; fileRef = A95BE50C135E3A8400D1A4A2 /* RootViewController.m */; };
		A95BE517135E3A8400D1A4A2 /* ThreadingExamples.m in Sources */ = {isa = PBXBuildFile; fileRef = A95BE50E135E3A8400D1A4A2 /* ThreadingExamples.m */; };
		A95BE518135E3A8400D1A4A2 /* ThreadInvocationViewController.m in Sources */ = {isa = PBXBuildFile; fileRef = A95BE511135E3A8400D1A4A2 /* ThreadInvocationViewController.m */; };
		A95BE519135E3A8400D1A4A2 /* ThreadInvocationViewController.xib in Resources */ = {isa = PBXBuildFile; fileRef = A95BE512135E3A8400D1A4A2 /* ThreadInvocationViewController.xib */; };
		A95BE51A135E3A8400D1A4A2 /* WorkerOperation.m in Sources */ = {isa = PBXBuildFile; fileRef = A95BE514135E3A8400D1A4A2 /* WorkerOperation.m */; };
/* End PBXBuildFile section */

/* Begin PBXFileReference section */
		A95BE4DF135E3A5200D1A4A2 /* MultiThreading.app */ = {isa = PBXFileReference; explicitFileType = wrapper.application; includeInIndex = 0; path = MultiThreading.app; sourceTree = BUILT_PRODUCTS_DIR; };
		A95BE4E3135E3A5200D1A4A2 /* UIKit.framework */ = {isa = PBXFileReference; lastKnownFileType = wrapper.framework; name = UIKit.framework; path = System/Library/Frameworks/UIKit.framework; sourceTree = SDKROOT; };
		A95BE4E5135E3A5200D1A4A2 /* Foundation.framework */ = {isa = PBXFileReference; lastKnownFileType = wrapper.framework; name = Foundation.framework; path = System/Library/Frameworks/Foundation.framework; sourceTree = SDKROOT; };
		A95BE4E7135E3A5200D1A4A2 /* CoreGraphics.framework */ = {isa = PBXFileReference; lastKnownFileType = wrapper.framework; name = CoreGraphics.framework; path = System/Library/Frameworks/CoreGraphics.framework; sourceTree = SDKROOT; };
		A95BE4E9135E3A5200D1A4A2 /* CoreData.framework */ = {isa = PBXFileReference; lastKnownFileType = wrapper.framework; name = CoreData.framework; path = System/Library/Frameworks/CoreData.framework; sourceTree = SDKROOT; };
		A95BE4ED135E3A5200D1A4A2 /* MultiThreading-Info.plist */ = {isa = PBXFileReference; lastKnownFileType = text.plist.xml; path = "MultiThreading-Info.plist"; sourceTree = "<group>"; };
		A95BE4EF135E3A5200D1A4A2 /* en */ = {isa = PBXFileReference; lastKnownFileType = text.plist.strings; name = en; path = en.lproj/InfoPlist.strings; sourceTree = "<group>"; };
		A95BE4F1135E3A5200D1A4A2 /* MultiThreading-Prefix.pch */ = {isa = PBXFileReference; lastKnownFileType = sourcecode.c.h; path = "MultiThreading-Prefix.pch"; sourceTree = "<group>"; };
		A95BE4F2135E3A5200D1A4A2 /* main.m */ = {isa = PBXFileReference; lastKnownFileType = sourcecode.c.objc; path = main.m; sourceTree = "<group>"; };
		A95BE4F4135E3A5200D1A4A2 /* MultiThreadingAppDelegate.h */ = {isa = PBXFileReference; lastKnownFileType = sourcecode.c.h; path = MultiThreadingAppDelegate.h; sourceTree = "<group>"; };
		A95BE4F5135E3A5200D1A4A2 /* MultiThreadingAppDelegate.m */ = {isa = PBXFileReference; lastKnownFileType = sourcecode.c.objc; path = MultiThreadingAppDelegate.m; sourceTree = "<group>"; };
		A95BE4F8135E3A5200D1A4A2 /* MultiThreading.xcdatamodel */ = {isa = PBXFileReference; lastKnownFileType = wrapper.xcdatamodel; path = MultiThreading.xcdatamodel; sourceTree = "<group>"; };
		A95BE4FB135E3A5300D1A4A2 /* en */ = {isa = PBXFileReference; lastKnownFileType = file.xib; name = en; path = en.lproj/MainWindow.xib; sourceTree = "<group>"; };
		A95BE4FD135E3A5300D1A4A2 /* RootViewController.h */ = {isa = PBXFileReference; lastKnownFileType = sourcecode.c.h; path = RootViewController.h; sourceTree = "<group>"; };
		A95BE4FE135E3A5300D1A4A2 /* RootViewController.m */ = {isa = PBXFileReference; lastKnownFileType = sourcecode.c.objc; path = RootViewController.m; sourceTree = "<group>"; };
		A95BE501135E3A5300D1A4A2 /* en */ = {isa = PBXFileReference; lastKnownFileType = file.xib; name = en; path = en.lproj/RootViewController.xib; sourceTree = "<group>"; };
		A95BE509135E3A8400D1A4A2 /* MultiThreadingAppDelegate.h */ = {isa = PBXFileReference; fileEncoding = 4; lastKnownFileType = sourcecode.c.h; path = MultiThreadingAppDelegate.h; sourceTree = "<group>"; };
		A95BE50A135E3A8400D1A4A2 /* MultiThreadingAppDelegate.m */ = {isa = PBXFileReference; fileEncoding = 4; lastKnownFileType = sourcecode.c.objc; path = MultiThreadingAppDelegate.m; sourceTree = "<group>"; };
		A95BE50B135E3A8400D1A4A2 /* RootViewController.h */ = {isa = PBXFileReference; fileEncoding = 4; lastKnownFileType = sourcecode.c.h; path = RootViewController.h; sourceTree = "<group>"; };
		A95BE50C135E3A8400D1A4A2 /* RootViewController.m */ = {isa = PBXFileReference; fileEncoding = 4; lastKnownFileType = sourcecode.c.objc; path = RootViewController.m; sourceTree = "<group>"; };
		A95BE50D135E3A8400D1A4A2 /* ThreadingExamples.h */ = {isa = PBXFileReference; fileEncoding = 4; lastKnownFileType = sourcecode.c.h; path = ThreadingExamples.h; sourceTree = "<group>"; };
		A95BE50E135E3A8400D1A4A2 /* ThreadingExamples.m */ = {isa = PBXFileReference; fileEncoding = 4; lastKnownFileType = sourcecode.c.objc; path = ThreadingExamples.m; sourceTree = "<group>"; };
		A95BE510135E3A8400D1A4A2 /* ThreadInvocationViewController.h */ = {isa = PBXFileReference; fileEncoding = 4; lastKnownFileType = sourcecode.c.h; path = ThreadInvocationViewController.h; sourceTree = "<group>"; };
		A95BE511135E3A8400D1A4A2 /* ThreadInvocationViewController.m */ = {isa = PBXFileReference; fileEncoding = 4; lastKnownFileType = sourcecode.c.objc; path = ThreadInvocationViewController.m; sourceTree = "<group>"; };
		A95BE512135E3A8400D1A4A2 /* ThreadInvocationViewController.xib */ = {isa = PBXFileReference; fileEncoding = 4; lastKnownFileType = file.xib; path = ThreadInvocationViewController.xib; sourceTree = "<group>"; };
		A95BE513135E3A8400D1A4A2 /* WorkerOperation.h */ = {isa = PBXFileReference; fileEncoding = 4; lastKnownFileType = sourcecode.c.h; path = WorkerOperation.h; sourceTree = "<group>"; };
		A95BE514135E3A8400D1A4A2 /* WorkerOperation.m */ = {isa = PBXFileReference; fileEncoding = 4; lastKnownFileType = sourcecode.c.objc; path = WorkerOperation.m; sourceTree = "<group>"; };
/* End PBXFileReference section */

/* Begin PBXFrameworksBuildPhase section */
		A95BE4DC135E3A5200D1A4A2 /* Frameworks */ = {
			isa = PBXFrameworksBuildPhase;
			buildActionMask = 2147483647;
			files = (
				A95BE4E4135E3A5200D1A4A2 /* UIKit.framework in Frameworks */,
				A95BE4E6135E3A5200D1A4A2 /* Foundation.framework in Frameworks */,
				A95BE4E8135E3A5200D1A4A2 /* CoreGraphics.framework in Frameworks */,
				A95BE4EA135E3A5200D1A4A2 /* CoreData.framework in Frameworks */,
			);
			runOnlyForDeploymentPostprocessing = 0;
		};
/* End PBXFrameworksBuildPhase section */

/* Begin PBXGroup section */
		A95BE4D4135E3A5200D1A4A2 = {
			isa = PBXGroup;
			children = (
				A95BE4EB135E3A5200D1A4A2 /* MultiThreading */,
				A95BE4E2135E3A5200D1A4A2 /* Frameworks */,
				A95BE4E0135E3A5200D1A4A2 /* Products */,
			);
			sourceTree = "<group>";
		};
		A95BE4E0135E3A5200D1A4A2 /* Products */ = {
			isa = PBXGroup;
			children = (
				A95BE4DF135E3A5200D1A4A2 /* MultiThreading.app */,
			);
			name = Products;
			sourceTree = "<group>";
		};
		A95BE4E2135E3A5200D1A4A2 /* Frameworks */ = {
			isa = PBXGroup;
			children = (
				A95BE4E3135E3A5200D1A4A2 /* UIKit.framework */,
				A95BE4E5135E3A5200D1A4A2 /* Foundation.framework */,
				A95BE4E7135E3A5200D1A4A2 /* CoreGraphics.framework */,
				A95BE4E9135E3A5200D1A4A2 /* CoreData.framework */,
			);
			name = Frameworks;
			sourceTree = "<group>";
		};
		A95BE4EB135E3A5200D1A4A2 /* MultiThreading */ = {
			isa = PBXGroup;
			children = (
				A95BE508135E3A8400D1A4A2 /* Classes */,
				A95BE4F4135E3A5200D1A4A2 /* MultiThreadingAppDelegate.h */,
				A95BE4F5135E3A5200D1A4A2 /* MultiThreadingAppDelegate.m */,
				A95BE4FA135E3A5200D1A4A2 /* MainWindow.xib */,
				A95BE4FD135E3A5300D1A4A2 /* RootViewController.h */,
				A95BE4FE135E3A5300D1A4A2 /* RootViewController.m */,
				A95BE500135E3A5300D1A4A2 /* RootViewController.xib */,
				A95BE4F7135E3A5200D1A4A2 /* MultiThreading.xcdatamodeld */,
				A95BE4EC135E3A5200D1A4A2 /* Supporting Files */,
			);
			path = MultiThreading;
			sourceTree = "<group>";
		};
		A95BE4EC135E3A5200D1A4A2 /* Supporting Files */ = {
			isa = PBXGroup;
			children = (
				A95BE4ED135E3A5200D1A4A2 /* MultiThreading-Info.plist */,
				A95BE4EE135E3A5200D1A4A2 /* InfoPlist.strings */,
				A95BE4F1135E3A5200D1A4A2 /* MultiThreading-Prefix.pch */,
				A95BE4F2135E3A5200D1A4A2 /* main.m */,
			);
			name = "Supporting Files";
			sourceTree = "<group>";
		};
		A95BE508135E3A8400D1A4A2 /* Classes */ = {
			isa = PBXGroup;
			children = (
				A95BE51E135E3B9200D1A4A2 /* Models */,
				A95BE509135E3A8400D1A4A2 /* MultiThreadingAppDelegate.h */,
				A95BE50A135E3A8400D1A4A2 /* MultiThreadingAppDelegate.m */,
				A95BE50B135E3A8400D1A4A2 /* RootViewController.h */,
				A95BE50C135E3A8400D1A4A2 /* RootViewController.m */,
				A95BE50D135E3A8400D1A4A2 /* ThreadingExamples.h */,
				A95BE50E135E3A8400D1A4A2 /* ThreadingExamples.m */,
				A95BE50F135E3A8400D1A4A2 /* ViewControllers */,
				A95BE513135E3A8400D1A4A2 /* WorkerOperation.h */,
				A95BE514135E3A8400D1A4A2 /* WorkerOperation.m */,
			);
			path = Classes;
			sourceTree = "<group>";
		};
		A95BE50F135E3A8400D1A4A2 /* ViewControllers */ = {
			isa = PBXGroup;
			children = (
				A95BE510135E3A8400D1A4A2 /* ThreadInvocationViewController.h */,
				A95BE511135E3A8400D1A4A2 /* ThreadInvocationViewController.m */,
				A95BE512135E3A8400D1A4A2 /* ThreadInvocationViewController.xib */,
			);
			path = ViewControllers;
			sourceTree = "<group>";
		};
		A95BE51E135E3B9200D1A4A2 /* Models */ = {
			isa = PBXGroup;
			children = (
			);
			path = Models;
			sourceTree = "<group>";
		};
/* End PBXGroup section */

/* Begin PBXNativeTarget section */
		A95BE4DE135E3A5200D1A4A2 /* MultiThreading */ = {
			isa = PBXNativeTarget;
			buildConfigurationList = A95BE505135E3A5300D1A4A2 /* Build configuration list for PBXNativeTarget "MultiThreading" */;
			buildPhases = (
				A95BE4DB135E3A5200D1A4A2 /* Sources */,
				A95BE4DC135E3A5200D1A4A2 /* Frameworks */,
				A95BE4DD135E3A5200D1A4A2 /* Resources */,
			);
			buildRules = (
			);
			dependencies = (
			);
			name = MultiThreading;
			productName = MultiThreading;
			productReference = A95BE4DF135E3A5200D1A4A2 /* MultiThreading.app */;
			productType = "com.apple.product-type.application";
		};
/* End PBXNativeTarget section */

/* Begin PBXProject section */
		A95BE4D6135E3A5200D1A4A2 /* Project object */ = {
			isa = PBXProject;
			attributes = {
				ORGANIZATIONNAME = "LeVous, LLC";
			};
			buildConfigurationList = A95BE4D9135E3A5200D1A4A2 /* Build configuration list for PBXProject "MultiThreading" */;
			compatibilityVersion = "Xcode 3.2";
			developmentRegion = English;
			hasScannedForEncodings = 0;
			knownRegions = (
				en,
			);
			mainGroup = A95BE4D4135E3A5200D1A4A2;
			productRefGroup = A95BE4E0135E3A5200D1A4A2 /* Products */;
			projectDirPath = "";
			projectRoot = "";
			targets = (
				A95BE4DE135E3A5200D1A4A2 /* MultiThreading */,
			);
		};
/* End PBXProject section */

/* Begin PBXResourcesBuildPhase section */
		A95BE4DD135E3A5200D1A4A2 /* Resources */ = {
			isa = PBXResourcesBuildPhase;
			buildActionMask = 2147483647;
			files = (
				A95BE4F0135E3A5200D1A4A2 /* InfoPlist.strings in Resources */,
				A95BE4FC135E3A5300D1A4A2 /* MainWindow.xib in Resources */,
				A95BE502135E3A5300D1A4A2 /* RootViewController.xib in Resources */,
				A95BE519135E3A8400D1A4A2 /* ThreadInvocationViewController.xib in Resources */,
			);
			runOnlyForDeploymentPostprocessing = 0;
		};
/* End PBXResourcesBuildPhase section */

/* Begin PBXSourcesBuildPhase section */
		A95BE4DB135E3A5200D1A4A2 /* Sources */ = {
			isa = PBXSourcesBuildPhase;
			buildActionMask = 2147483647;
			files = (
				A95BE4F3135E3A5200D1A4A2 /* main.m in Sources */,
				A95BE4F6135E3A5200D1A4A2 /* MultiThreadingAppDelegate.m in Sources */,
				A95BE4F9135E3A5200D1A4A2 /* MultiThreading.xcdatamodeld in Sources */,
				A95BE4FF135E3A5300D1A4A2 /* RootViewController.m in Sources */,
				A95BE515135E3A8400D1A4A2 /* MultiThreadingAppDelegate.m in Sources */,
				A95BE516135E3A8400D1A4A2 /* RootViewController.m in Sources */,
				A95BE517135E3A8400D1A4A2 /* ThreadingExamples.m in Sources */,
				A95BE518135E3A8400D1A4A2 /* ThreadInvocationViewController.m in Sources */,
				A95BE51A135E3A8400D1A4A2 /* WorkerOperation.m in Sources */,
			);
			runOnlyForDeploymentPostprocessing = 0;
		};
/* End PBXSourcesBuildPhase section */

/* Begin PBXVariantGroup section */
		A95BE4EE135E3A5200D1A4A2 /* InfoPlist.strings */ = {
			isa = PBXVariantGroup;
			children = (
				A95BE4EF135E3A5200D1A4A2 /* en */,
			);
			name = InfoPlist.strings;
			sourceTree = "<group>";
		};
		A95BE4FA135E3A5200D1A4A2 /* MainWindow.xib */ = {
			isa = PBXVariantGroup;
			children = (
				A95BE4FB135E3A5300D1A4A2 /* en */,
			);
			name = MainWindow.xib;
			sourceTree = "<group>";
		};
		A95BE500135E3A5300D1A4A2 /* RootViewController.xib */ = {
			isa = PBXVariantGroup;
			children = (
				A95BE501135E3A5300D1A4A2 /* en */,
			);
			name = RootViewController.xib;
			sourceTree = "<group>";
		};
/* End PBXVariantGroup section */

/* Begin XCBuildConfiguration section */
		A95BE503135E3A5300D1A4A2 /* Debug */ = {
			isa = XCBuildConfiguration;
			buildSettings = {
				ARCHS = "$(ARCHS_STANDARD_32_BIT)";
				"CODE_SIGN_IDENTITY[sdk=iphoneos*]" = "iPhone Developer";
				GCC_C_LANGUAGE_STANDARD = gnu99;
				GCC_OPTIMIZATION_LEVEL = 0;
				GCC_PREPROCESSOR_DEFINITIONS = DEBUG;
				GCC_SYMBOLS_PRIVATE_EXTERN = NO;
				GCC_VERSION = com.apple.compilers.llvmgcc42;
				GCC_WARN_ABOUT_RETURN_TYPE = YES;
				GCC_WARN_UNUSED_VARIABLE = YES;
				IPHONEOS_DEPLOYMENT_TARGET = 4.3;
				SDKROOT = iphoneos;
			};
			name = Debug;
		};
		A95BE504135E3A5300D1A4A2 /* Release */ = {
			isa = XCBuildConfiguration;
			buildSettings = {
				ARCHS = "$(ARCHS_STANDARD_32_BIT)";
				"CODE_SIGN_IDENTITY[sdk=iphoneos*]" = "iPhone Developer";
				GCC_C_LANGUAGE_STANDARD = gnu99;
				GCC_VERSION = com.apple.compilers.llvmgcc42;
				GCC_WARN_ABOUT_RETURN_TYPE = YES;
				GCC_WARN_UNUSED_VARIABLE = YES;
				IPHONEOS_DEPLOYMENT_TARGET = 4.3;
				OTHER_CFLAGS = "-DNS_BLOCK_ASSERTIONS=1";
				SDKROOT = iphoneos;
			};
			name = Release;
		};
		A95BE506135E3A5300D1A4A2 /* Debug */ = {
			isa = XCBuildConfiguration;
			buildSettings = {
				ALWAYS_SEARCH_USER_PATHS = NO;
				COPY_PHASE_STRIP = NO;
				GCC_DYNAMIC_NO_PIC = NO;
				GCC_PRECOMPILE_PREFIX_HEADER = YES;
				GCC_PREFIX_HEADER = "MultiThreading/MultiThreading-Prefix.pch";
				INFOPLIST_FILE = "MultiThreading/MultiThreading-Info.plist";
				PRODUCT_NAME = "$(TARGET_NAME)";
				WRAPPER_EXTENSION = app;
			};
			name = Debug;
		};
		A95BE507135E3A5300D1A4A2 /* Release */ = {
			isa = XCBuildConfiguration;
			buildSettings = {
				ALWAYS_SEARCH_USER_PATHS = NO;
				COPY_PHASE_STRIP = YES;
				GCC_PRECOMPILE_PREFIX_HEADER = YES;
				GCC_PREFIX_HEADER = "MultiThreading/MultiThreading-Prefix.pch";
				INFOPLIST_FILE = "MultiThreading/MultiThreading-Info.plist";
				PRODUCT_NAME = "$(TARGET_NAME)";
				VALIDATE_PRODUCT = YES;
				WRAPPER_EXTENSION = app;
			};
			name = Release;
		};
/* End XCBuildConfiguration section */

/* Begin XCConfigurationList section */
		A95BE4D9135E3A5200D1A4A2 /* Build configuration list for PBXProject "MultiThreading" */ = {
			isa = XCConfigurationList;
			buildConfigurations = (
				A95BE503135E3A5300D1A4A2 /* Debug */,
				A95BE504135E3A5300D1A4A2 /* Release */,
			);
			defaultConfigurationIsVisible = 0;
			defaultConfigurationName = Release;
		};
		A95BE505135E3A5300D1A4A2 /* Build configuration list for PBXNativeTarget "MultiThreading" */ = {
			isa = XCConfigurationList;
			buildConfigurations = (
				A95BE506135E3A5300D1A4A2 /* Debug */,
				A95BE507135E3A5300D1A4A2 /* Release */,
			);
			defaultConfigurationIsVisible = 0;
		};
/* End XCConfigurationList section */

/* Begin XCVersionGroup section */
		A95BE4F7135E3A5200D1A4A2 /* MultiThreading.xcdatamodeld */ = {
			isa = XCVersionGroup;
			children = (
				A95BE4F8135E3A5200D1A4A2 /* MultiThreading.xcdatamodel */,
			);
			currentVersion = A95BE4F8135E3A5200D1A4A2 /* MultiThreading.xcdatamodel */;
			path = MultiThreading.xcdatamodeld;
			sourceTree = "<group>";
			versionGroupType = wrapper.xcdatamodel;
		};
/* End XCVersionGroup section */
	};
	rootObject = A95BE4D6135E3A5200D1A4A2 /* Project object */;
}
